// !$*UTF8*$!
{
	archiveVersion = 1;
	classes = {
	};
	objectVersion = 46;
	objects = {

/* Begin PBXBuildFile section */
		1D3623260D0F684500981E51 /* MusicbrainzAppDelegate.m in Sources */ = {isa = PBXBuildFile; fileRef = 1D3623250D0F684500981E51 /* MusicbrainzAppDelegate.m */; };
		1D60589F0D05DD5A006BFB54 /* Foundation.framework in Frameworks */ = {isa = PBXBuildFile; fileRef = 1D30AB110D05D00D00671497 /* Foundation.framework */; };
		1DF5F4E00D08C38300B7A737 /* UIKit.framework in Frameworks */ = {isa = PBXBuildFile; fileRef = 1DF5F4DF0D08C38300B7A737 /* UIKit.framework */; };
		288765FD0DF74451002DB57D /* CoreGraphics.framework in Frameworks */ = {isa = PBXBuildFile; fileRef = 288765FC0DF74451002DB57D /* CoreGraphics.framework */; };
		5D2567FC1516B9AF00E03ACF /* MainWindow-iPad.xib in Resources */ = {isa = PBXBuildFile; fileRef = 5D2567FB1516B9AF00E03ACF /* MainWindow-iPad.xib */; };
		5D2568051516BE4500E03ACF /* libPayPalMEP.a in Frameworks */ = {isa = PBXBuildFile; fileRef = 5D2567FF1516BE4500E03ACF /* libPayPalMEP.a */; };
		5D2568351516CB1000E03ACF /* libzbar.a in Frameworks */ = {isa = PBXBuildFile; fileRef = 5D25682F1516CB1000E03ACF /* libzbar.a */; };
		5D2568361516CB1000E03ACF /* zbar-back.png in Resources */ = {isa = PBXBuildFile; fileRef = 5D2568311516CB1000E03ACF /* zbar-back.png */; };
		5D2568371516CB1000E03ACF /* zbar-help.html in Resources */ = {isa = PBXBuildFile; fileRef = 5D2568321516CB1000E03ACF /* zbar-help.html */; };
		5D2568381516CB1000E03ACF /* zbar-helpicons.png in Resources */ = {isa = PBXBuildFile; fileRef = 5D2568331516CB1000E03ACF /* zbar-helpicons.png */; };
		5D2568391516CB1000E03ACF /* zbar-samples.png in Resources */ = {isa = PBXBuildFile; fileRef = 5D2568341516CB1000E03ACF /* zbar-samples.png */; };
		5D25683C1516CBC000E03ACF /* AVFoundation.framework in Frameworks */ = {isa = PBXBuildFile; fileRef = 5D25683B1516CBC000E03ACF /* AVFoundation.framework */; };
		5D25683E1516CBD500E03ACF /* CoreMedia.framework in Frameworks */ = {isa = PBXBuildFile; fileRef = 5D25683D1516CBD500E03ACF /* CoreMedia.framework */; };
		5D2568401516CBE300E03ACF /* CoreVideo.framework in Frameworks */ = {isa = PBXBuildFile; fileRef = 5D25683F1516CBE300E03ACF /* CoreVideo.framework */; };
		5D2568421516CBF400E03ACF /* QuartzCore.framework in Frameworks */ = {isa = PBXBuildFile; fileRef = 5D2568411516CBF400E03ACF /* QuartzCore.framework */; };
		5D2568441516CC0400E03ACF /* libiconv.dylib in Frameworks */ = {isa = PBXBuildFile; fileRef = 5D2568431516CC0400E03ACF /* libiconv.dylib */; };
		5D25685C1516CE6C00E03ACF /* AbstractXMLParser.m in Sources */ = {isa = PBXBuildFile; fileRef = 5D2568471516CE6C00E03ACF /* AbstractXMLParser.m */; };
		5D25685D1516CE6C00E03ACF /* ArtistLookUpParser.m in Sources */ = {isa = PBXBuildFile; fileRef = 5D25684A1516CE6C00E03ACF /* ArtistLookUpParser.m */; };
		5D25685E1516CE6C00E03ACF /* LabelLookUpParser.m in Sources */ = {isa = PBXBuildFile; fileRef = 5D25684C1516CE6C00E03ACF /* LabelLookUpParser.m */; };
		5D25685F1516CE6C00E03ACF /* ReleaseGroupLookUpParser.m in Sources */ = {isa = PBXBuildFile; fileRef = 5D25684E1516CE6C00E03ACF /* ReleaseGroupLookUpParser.m */; };
		5D2568601516CE6C00E03ACF /* ReleaseLookUpParser.m in Sources */ = {isa = PBXBuildFile; fileRef = 5D2568501516CE6C00E03ACF /* ReleaseLookUpParser.m */; };
		5D2568611516CE6C00E03ACF /* TrackLookUpParser.m in Sources */ = {isa = PBXBuildFile; fileRef = 5D2568521516CE6C00E03ACF /* TrackLookUpParser.m */; };
		5D2568621516CE6C00E03ACF /* ArtistSearchParser.m in Sources */ = {isa = PBXBuildFile; fileRef = 5D2568551516CE6C00E03ACF /* ArtistSearchParser.m */; };
		5D2568631516CE6C00E03ACF /* LabelSearchParser.m in Sources */ = {isa = PBXBuildFile; fileRef = 5D2568571516CE6C00E03ACF /* LabelSearchParser.m */; };
		5D2568641516CE6C00E03ACF /* ReleaseGroupSearchParser.m in Sources */ = {isa = PBXBuildFile; fileRef = 5D2568591516CE6C00E03ACF /* ReleaseGroupSearchParser.m */; };
		5D2568651516CE6C00E03ACF /* ReleaseSearchParser.m in Sources */ = {isa = PBXBuildFile; fileRef = 5D25685B1516CE6C00E03ACF /* ReleaseSearchParser.m */; };
		5D25686D1516CEDB00E03ACF /* ServiceFacade.m in Sources */ = {isa = PBXBuildFile; fileRef = 5D2568681516CEDB00E03ACF /* ServiceFacade.m */; };
		5D25686E1516CEDB00E03ACF /* ServiceResponse.m in Sources */ = {isa = PBXBuildFile; fileRef = 5D25686A1516CEDB00E03ACF /* ServiceResponse.m */; };
		5D25686F1516CEDB00E03ACF /* WebService.m in Sources */ = {isa = PBXBuildFile; fileRef = 5D25686C1516CEDB00E03ACF /* WebService.m */; };
		5D25689C1516CFCE00E03ACF /* COPYING in Resources */ = {isa = PBXBuildFile; fileRef = 5D2568991516CFCE00E03ACF /* COPYING */; };
		5D25689D1516CFCE00E03ACF /* LICENSE in Resources */ = {isa = PBXBuildFile; fileRef = 5D25689A1516CFCE00E03ACF /* LICENSE */; };
		5D25689E1516CFCE00E03ACF /* README in Resources */ = {isa = PBXBuildFile; fileRef = 5D25689B1516CFCE00E03ACF /* README */; };
		5D2568C31516CFDF00E03ACF /* ArtistViewController.m in Sources */ = {isa = PBXBuildFile; fileRef = 5D2568A21516CFDF00E03ACF /* ArtistViewController.m */; };
		5D2568C41516CFDF00E03ACF /* LabelViewController.m in Sources */ = {isa = PBXBuildFile; fileRef = 5D2568A41516CFDF00E03ACF /* LabelViewController.m */; };
		5D2568C51516CFDF00E03ACF /* ReleaseContoller.m in Sources */ = {isa = PBXBuildFile; fileRef = 5D2568A61516CFDF00E03ACF /* ReleaseContoller.m */; };
		5D2568C61516CFDF00E03ACF /* ReleaseViewController.m in Sources */ = {isa = PBXBuildFile; fileRef = 5D2568A81516CFDF00E03ACF /* ReleaseViewController.m */; };
		5D2568C71516CFDF00E03ACF /* TrackViewController.m in Sources */ = {isa = PBXBuildFile; fileRef = 5D2568AA1516CFDF00E03ACF /* TrackViewController.m */; };
		5D2568C81516CFDF00E03ACF /* AddTagViewController.m in Sources */ = {isa = PBXBuildFile; fileRef = 5D2568AD1516CFDF00E03ACF /* AddTagViewController.m */; };
		5D2568C91516CFDF00E03ACF /* RatingViewController.m in Sources */ = {isa = PBXBuildFile; fileRef = 5D2568AF1516CFDF00E03ACF /* RatingViewController.m */; };
		5D2568CA1516CFDF00E03ACF /* TagListViewController.m in Sources */ = {isa = PBXBuildFile; fileRef = 5D2568B11516CFDF00E03ACF /* TagListViewController.m */; };
		5D2568CB1516CFDF00E03ACF /* DonateViewController.m in Sources */ = {isa = PBXBuildFile; fileRef = 5D2568B31516CFDF00E03ACF /* DonateViewController.m */; };
		5D2568CC1516CFDF00E03ACF /* LoginViewController.m in Sources */ = {isa = PBXBuildFile; fileRef = 5D2568B51516CFDF00E03ACF /* LoginViewController.m */; };
		5D2568CD1516CFDF00E03ACF /* MainMenuController.m in Sources */ = {isa = PBXBuildFile; fileRef = 5D2568B71516CFDF00E03ACF /* MainMenuController.m */; };
		5D2568CE1516CFDF00E03ACF /* ArtistSearchController.m in Sources */ = {isa = PBXBuildFile; fileRef = 5D2568BA1516CFDF00E03ACF /* ArtistSearchController.m */; };
		5D2568CF1516CFDF00E03ACF /* LabelSearchController.m in Sources */ = {isa = PBXBuildFile; fileRef = 5D2568BC1516CFDF00E03ACF /* LabelSearchController.m */; };
		5D2568D01516CFDF00E03ACF /* ReleaseGroupSearchController.m in Sources */ = {isa = PBXBuildFile; fileRef = 5D2568BE1516CFDF00E03ACF /* ReleaseGroupSearchController.m */; };
		5D2568D11516CFDF00E03ACF /* ReleaseSearchController.m in Sources */ = {isa = PBXBuildFile; fileRef = 5D2568C01516CFDF00E03ACF /* ReleaseSearchController.m */; };
		5D2568D21516CFDF00E03ACF /* TypeSelectionController.m in Sources */ = {isa = PBXBuildFile; fileRef = 5D2568C21516CFDF00E03ACF /* TypeSelectionController.m */; };
		5D2568D81516D03600E03ACF /* main.m in Sources */ = {isa = PBXBuildFile; fileRef = 5D2568D41516D03600E03ACF /* main.m */; };
		5D2568D91516D03600E03ACF /* StringEditTableCell.m in Sources */ = {isa = PBXBuildFile; fileRef = 5D2568D71516D03600E03ACF /* StringEditTableCell.m */; };
		5D2568E21516D06400E03ACF /* albumcover.jpg in Resources */ = {isa = PBXBuildFile; fileRef = 5D2568DB1516D06400E03ACF /* albumcover.jpg */; };
		5D2568E31516D06400E03ACF /* icon.png in Resources */ = {isa = PBXBuildFile; fileRef = 5D2568DC1516D06400E03ACF /* icon.png */; };
		5D2568E41516D06400E03ACF /* MainWindow.xib in Resources */ = {isa = PBXBuildFile; fileRef = 5D2568DD1516D06400E03ACF /* MainWindow.xib */; };
		5D2568E51516D06400E03ACF /* Musicbrainz-Info.plist in Resources */ = {isa = PBXBuildFile; fileRef = 5D2568DE1516D06400E03ACF /* Musicbrainz-Info.plist */; };
		5D2568E61516D06400E03ACF /* MusicBrainzLogo.png in Resources */ = {isa = PBXBuildFile; fileRef = 5D2568DF1516D06400E03ACF /* MusicBrainzLogo.png */; };
		5D2568E71516D06400E03ACF /* ratedStar.png in Resources */ = {isa = PBXBuildFile; fileRef = 5D2568E01516D06400E03ACF /* ratedStar.png */; };
		5D2568E81516D06400E03ACF /* unratedStar.png in Resources */ = {isa = PBXBuildFile; fileRef = 5D2568E11516D06400E03ACF /* unratedStar.png */; };
		8487BC5E11BC6B5C00506B80 /* Release.m in Sources */ = {isa = PBXBuildFile; fileRef = 8487BC5D11BC6B5C00506B80 /* Release.m */; };
		8487DEEC11FDAE50006DB16C /* ReleaseGroup.m in Sources */ = {isa = PBXBuildFile; fileRef = 8487DEEB11FDAE50006DB16C /* ReleaseGroup.m */; };
		848EAD8911B94F7B00357E7D /* Search.m in Sources */ = {isa = PBXBuildFile; fileRef = 848EAD8811B94F7B00357E7D /* Search.m */; };
		84A0D89911D8D645009F2888 /* Track.m in Sources */ = {isa = PBXBuildFile; fileRef = 84A0D89811D8D645009F2888 /* Track.m */; };
		84B5062411D1050E00B82131 /* Artist.m in Sources */ = {isa = PBXBuildFile; fileRef = 84B5062311D1050E00B82131 /* Artist.m */; };
		84B5064D11D10F1900B82131 /* Label.m in Sources */ = {isa = PBXBuildFile; fileRef = 84B5064C11D10F1900B82131 /* Label.m */; };
		84C2A22A121174620090FBDA /* Security.framework in Frameworks */ = {isa = PBXBuildFile; fileRef = 84C2A229121174620090FBDA /* Security.framework */; };
		84C2A23E121177C00090FBDA /* AccountInformation.m in Sources */ = {isa = PBXBuildFile; fileRef = 84C2A23D121177C00090FBDA /* AccountInformation.m */; };
/* End PBXBuildFile section */

/* Begin PBXFileReference section */
		1D30AB110D05D00D00671497 /* Foundation.framework */ = {isa = PBXFileReference; lastKnownFileType = wrapper.framework; name = Foundation.framework; path = System/Library/Frameworks/Foundation.framework; sourceTree = SDKROOT; };
		1D3623240D0F684500981E51 /* MusicbrainzAppDelegate.h */ = {isa = PBXFileReference; fileEncoding = 4; lastKnownFileType = sourcecode.c.h; path = MusicbrainzAppDelegate.h; sourceTree = "<group>"; };
		1D3623250D0F684500981E51 /* MusicbrainzAppDelegate.m */ = {isa = PBXFileReference; fileEncoding = 4; lastKnownFileType = sourcecode.c.objc; path = MusicbrainzAppDelegate.m; sourceTree = "<group>"; };
		1D6058910D05DD3D006BFB54 /* Musicbrainz.app */ = {isa = PBXFileReference; explicitFileType = wrapper.application; includeInIndex = 0; path = Musicbrainz.app; sourceTree = BUILT_PRODUCTS_DIR; };
		1DF5F4DF0D08C38300B7A737 /* UIKit.framework */ = {isa = PBXFileReference; lastKnownFileType = wrapper.framework; name = UIKit.framework; path = System/Library/Frameworks/UIKit.framework; sourceTree = SDKROOT; };
		288765FC0DF74451002DB57D /* CoreGraphics.framework */ = {isa = PBXFileReference; lastKnownFileType = wrapper.framework; name = CoreGraphics.framework; path = System/Library/Frameworks/CoreGraphics.framework; sourceTree = SDKROOT; };
		49CEA237150B8DBD00E9E15E /* RateAndTaggableEntity.h */ = {isa = PBXFileReference; lastKnownFileType = sourcecode.c.h; path = RateAndTaggableEntity.h; sourceTree = "<group>"; };
		5D2567FB1516B9AF00E03ACF /* MainWindow-iPad.xib */ = {isa = PBXFileReference; lastKnownFileType = file.xib; name = "MainWindow-iPad.xib"; path = "iPad/MainWindow-iPad.xib"; sourceTree = "<group>"; };
		5D2567FF1516BE4500E03ACF /* libPayPalMEP.a */ = {isa = PBXFileReference; lastKnownFileType = archive.ar; path = libPayPalMEP.a; sourceTree = "<group>"; };
		5D2568001516BE4500E03ACF /* MEPAddress.h */ = {isa = PBXFileReference; fileEncoding = 4; lastKnownFileType = sourcecode.c.h; path = MEPAddress.h; sourceTree = "<group>"; };
		5D2568011516BE4500E03ACF /* MEPAmounts.h */ = {isa = PBXFileReference; fileEncoding = 4; lastKnownFileType = sourcecode.c.h; path = MEPAmounts.h; sourceTree = "<group>"; };
		5D2568021516BE4500E03ACF /* PayPal.h */ = {isa = PBXFileReference; fileEncoding = 4; lastKnownFileType = sourcecode.c.h; path = PayPal.h; sourceTree = "<group>"; };
		5D2568031516BE4500E03ACF /* PayPalContext.h */ = {isa = PBXFileReference; fileEncoding = 4; lastKnownFileType = sourcecode.c.h; path = PayPalContext.h; sourceTree = "<group>"; };
		5D2568041516BE4500E03ACF /* PayPalMEPPayment.h */ = {isa = PBXFileReference; fileEncoding = 4; lastKnownFileType = sourcecode.c.h; path = PayPalMEPPayment.h; sourceTree = "<group>"; };
		5D25681B1516CB1000E03ACF /* Decoder.h */ = {isa = PBXFileReference; fileEncoding = 4; lastKnownFileType = sourcecode.c.h; path = Decoder.h; sourceTree = "<group>"; };
		5D25681C1516CB1000E03ACF /* Exception.h */ = {isa = PBXFileReference; fileEncoding = 4; lastKnownFileType = sourcecode.c.h; path = Exception.h; sourceTree = "<group>"; };
		5D25681D1516CB1000E03ACF /* Image.h */ = {isa = PBXFileReference; fileEncoding = 4; lastKnownFileType = sourcecode.c.h; path = Image.h; sourceTree = "<group>"; };
		5D25681E1516CB1000E03ACF /* ImageScanner.h */ = {isa = PBXFileReference; fileEncoding = 4; lastKnownFileType = sourcecode.c.h; path = ImageScanner.h; sourceTree = "<group>"; };
		5D25681F1516CB1000E03ACF /* Processor.h */ = {isa = PBXFileReference; fileEncoding = 4; lastKnownFileType = sourcecode.c.h; path = Processor.h; sourceTree = "<group>"; };
		5D2568201516CB1000E03ACF /* Scanner.h */ = {isa = PBXFileReference; fileEncoding = 4; lastKnownFileType = sourcecode.c.h; path = Scanner.h; sourceTree = "<group>"; };
		5D2568211516CB1000E03ACF /* Symbol.h */ = {isa = PBXFileReference; fileEncoding = 4; lastKnownFileType = sourcecode.c.h; path = Symbol.h; sourceTree = "<group>"; };
		5D2568221516CB1000E03ACF /* Video.h */ = {isa = PBXFileReference; fileEncoding = 4; lastKnownFileType = sourcecode.c.h; path = Video.h; sourceTree = "<group>"; };
		5D2568231516CB1000E03ACF /* Window.h */ = {isa = PBXFileReference; fileEncoding = 4; lastKnownFileType = sourcecode.c.h; path = Window.h; sourceTree = "<group>"; };
		5D2568241516CB1000E03ACF /* zbar.h */ = {isa = PBXFileReference; fileEncoding = 4; lastKnownFileType = sourcecode.c.h; path = zbar.h; sourceTree = "<group>"; };
		5D2568251516CB1000E03ACF /* ZBarCameraSimulator.h */ = {isa = PBXFileReference; fileEncoding = 4; lastKnownFileType = sourcecode.c.h; path = ZBarCameraSimulator.h; sourceTree = "<group>"; };
		5D2568261516CB1000E03ACF /* ZBarCaptureReader.h */ = {isa = PBXFileReference; fileEncoding = 4; lastKnownFileType = sourcecode.c.h; path = ZBarCaptureReader.h; sourceTree = "<group>"; };
		5D2568271516CB1000E03ACF /* ZBarHelpController.h */ = {isa = PBXFileReference; fileEncoding = 4; lastKnownFileType = sourcecode.c.h; path = ZBarHelpController.h; sourceTree = "<group>"; };
		5D2568281516CB1000E03ACF /* ZBarImage.h */ = {isa = PBXFileReference; fileEncoding = 4; lastKnownFileType = sourcecode.c.h; path = ZBarImage.h; sourceTree = "<group>"; };
		5D2568291516CB1000E03ACF /* ZBarImageScanner.h */ = {isa = PBXFileReference; fileEncoding = 4; lastKnownFileType = sourcecode.c.h; path = ZBarImageScanner.h; sourceTree = "<group>"; };
		5D25682A1516CB1000E03ACF /* ZBarReaderController.h */ = {isa = PBXFileReference; fileEncoding = 4; lastKnownFileType = sourcecode.c.h; path = ZBarReaderController.h; sourceTree = "<group>"; };
		5D25682B1516CB1000E03ACF /* ZBarReaderView.h */ = {isa = PBXFileReference; fileEncoding = 4; lastKnownFileType = sourcecode.c.h; path = ZBarReaderView.h; sourceTree = "<group>"; };
		5D25682C1516CB1000E03ACF /* ZBarReaderViewController.h */ = {isa = PBXFileReference; fileEncoding = 4; lastKnownFileType = sourcecode.c.h; path = ZBarReaderViewController.h; sourceTree = "<group>"; };
		5D25682D1516CB1000E03ACF /* ZBarSDK.h */ = {isa = PBXFileReference; fileEncoding = 4; lastKnownFileType = sourcecode.c.h; path = ZBarSDK.h; sourceTree = "<group>"; };
		5D25682E1516CB1000E03ACF /* ZBarSymbol.h */ = {isa = PBXFileReference; fileEncoding = 4; lastKnownFileType = sourcecode.c.h; path = ZBarSymbol.h; sourceTree = "<group>"; };
		5D25682F1516CB1000E03ACF /* libzbar.a */ = {isa = PBXFileReference; lastKnownFileType = archive.ar; path = libzbar.a; sourceTree = "<group>"; };
		5D2568311516CB1000E03ACF /* zbar-back.png */ = {isa = PBXFileReference; lastKnownFileType = image.png; path = "zbar-back.png"; sourceTree = "<group>"; };
		5D2568321516CB1000E03ACF /* zbar-help.html */ = {isa = PBXFileReference; fileEncoding = 4; lastKnownFileType = text.html; path = "zbar-help.html"; sourceTree = "<group>"; };
		5D2568331516CB1000E03ACF /* zbar-helpicons.png */ = {isa = PBXFileReference; lastKnownFileType = image.png; path = "zbar-helpicons.png"; sourceTree = "<group>"; };
		5D2568341516CB1000E03ACF /* zbar-samples.png */ = {isa = PBXFileReference; lastKnownFileType = image.png; path = "zbar-samples.png"; sourceTree = "<group>"; };
		5D25683B1516CBC000E03ACF /* AVFoundation.framework */ = {isa = PBXFileReference; lastKnownFileType = wrapper.framework; name = AVFoundation.framework; path = System/Library/Frameworks/AVFoundation.framework; sourceTree = SDKROOT; };
		5D25683D1516CBD500E03ACF /* CoreMedia.framework */ = {isa = PBXFileReference; lastKnownFileType = wrapper.framework; name = CoreMedia.framework; path = System/Library/Frameworks/CoreMedia.framework; sourceTree = SDKROOT; };
		5D25683F1516CBE300E03ACF /* CoreVideo.framework */ = {isa = PBXFileReference; lastKnownFileType = wrapper.framework; name = CoreVideo.framework; path = System/Library/Frameworks/CoreVideo.framework; sourceTree = SDKROOT; };
		5D2568411516CBF400E03ACF /* QuartzCore.framework */ = {isa = PBXFileReference; lastKnownFileType = wrapper.framework; name = QuartzCore.framework; path = System/Library/Frameworks/QuartzCore.framework; sourceTree = SDKROOT; };
		5D2568431516CC0400E03ACF /* libiconv.dylib */ = {isa = PBXFileReference; lastKnownFileType = "compiled.mach-o.dylib"; name = libiconv.dylib; path = usr/lib/libiconv.dylib; sourceTree = SDKROOT; };
		5D2568461516CE6C00E03ACF /* AbstractXMLParser.h */ = {isa = PBXFileReference; fileEncoding = 4; lastKnownFileType = sourcecode.c.h; path = AbstractXMLParser.h; sourceTree = "<group>"; };
		5D2568471516CE6C00E03ACF /* AbstractXMLParser.m */ = {isa = PBXFileReference; fileEncoding = 4; lastKnownFileType = sourcecode.c.objc; path = AbstractXMLParser.m; sourceTree = "<group>"; };
		5D2568491516CE6C00E03ACF /* ArtistLookUpParser.h */ = {isa = PBXFileReference; fileEncoding = 4; lastKnownFileType = sourcecode.c.h; path = ArtistLookUpParser.h; sourceTree = "<group>"; };
		5D25684A1516CE6C00E03ACF /* ArtistLookUpParser.m */ = {isa = PBXFileReference; fileEncoding = 4; lastKnownFileType = sourcecode.c.objc; path = ArtistLookUpParser.m; sourceTree = "<group>"; };
		5D25684B1516CE6C00E03ACF /* LabelLookUpParser.h */ = {isa = PBXFileReference; fileEncoding = 4; lastKnownFileType = sourcecode.c.h; path = LabelLookUpParser.h; sourceTree = "<group>"; };
		5D25684C1516CE6C00E03ACF /* LabelLookUpParser.m */ = {isa = PBXFileReference; fileEncoding = 4; lastKnownFileType = sourcecode.c.objc; path = LabelLookUpParser.m; sourceTree = "<group>"; };
		5D25684D1516CE6C00E03ACF /* ReleaseGroupLookUpParser.h */ = {isa = PBXFileReference; fileEncoding = 4; lastKnownFileType = sourcecode.c.h; path = ReleaseGroupLookUpParser.h; sourceTree = "<group>"; };
		5D25684E1516CE6C00E03ACF /* ReleaseGroupLookUpParser.m */ = {isa = PBXFileReference; fileEncoding = 4; lastKnownFileType = sourcecode.c.objc; path = ReleaseGroupLookUpParser.m; sourceTree = "<group>"; };
		5D25684F1516CE6C00E03ACF /* ReleaseLookUpParser.h */ = {isa = PBXFileReference; fileEncoding = 4; lastKnownFileType = sourcecode.c.h; path = ReleaseLookUpParser.h; sourceTree = "<group>"; };
		5D2568501516CE6C00E03ACF /* ReleaseLookUpParser.m */ = {isa = PBXFileReference; fileEncoding = 4; lastKnownFileType = sourcecode.c.objc; path = ReleaseLookUpParser.m; sourceTree = "<group>"; };
		5D2568511516CE6C00E03ACF /* TrackLookUpParser.h */ = {isa = PBXFileReference; fileEncoding = 4; lastKnownFileType = sourcecode.c.h; path = TrackLookUpParser.h; sourceTree = "<group>"; };
		5D2568521516CE6C00E03ACF /* TrackLookUpParser.m */ = {isa = PBXFileReference; fileEncoding = 4; lastKnownFileType = sourcecode.c.objc; path = TrackLookUpParser.m; sourceTree = "<group>"; };
		5D2568541516CE6C00E03ACF /* ArtistSearchParser.h */ = {isa = PBXFileReference; fileEncoding = 4; lastKnownFileType = sourcecode.c.h; path = ArtistSearchParser.h; sourceTree = "<group>"; };
		5D2568551516CE6C00E03ACF /* ArtistSearchParser.m */ = {isa = PBXFileReference; fileEncoding = 4; lastKnownFileType = sourcecode.c.objc; path = ArtistSearchParser.m; sourceTree = "<group>"; };
		5D2568561516CE6C00E03ACF /* LabelSearchParser.h */ = {isa = PBXFileReference; fileEncoding = 4; lastKnownFileType = sourcecode.c.h; path = LabelSearchParser.h; sourceTree = "<group>"; };
		5D2568571516CE6C00E03ACF /* LabelSearchParser.m */ = {isa = PBXFileReference; fileEncoding = 4; lastKnownFileType = sourcecode.c.objc; path = LabelSearchParser.m; sourceTree = "<group>"; };
		5D2568581516CE6C00E03ACF /* ReleaseGroupSearchParser.h */ = {isa = PBXFileReference; fileEncoding = 4; lastKnownFileType = sourcecode.c.h; path = ReleaseGroupSearchParser.h; sourceTree = "<group>"; };
		5D2568591516CE6C00E03ACF /* ReleaseGroupSearchParser.m */ = {isa = PBXFileReference; fileEncoding = 4; lastKnownFileType = sourcecode.c.objc; path = ReleaseGroupSearchParser.m; sourceTree = "<group>"; };
		5D25685A1516CE6C00E03ACF /* ReleaseSearchParser.h */ = {isa = PBXFileReference; fileEncoding = 4; lastKnownFileType = sourcecode.c.h; path = ReleaseSearchParser.h; sourceTree = "<group>"; };
		5D25685B1516CE6C00E03ACF /* ReleaseSearchParser.m */ = {isa = PBXFileReference; fileEncoding = 4; lastKnownFileType = sourcecode.c.objc; path = ReleaseSearchParser.m; sourceTree = "<group>"; };
		5D2568671516CEDB00E03ACF /* ServiceFacade.h */ = {isa = PBXFileReference; fileEncoding = 4; lastKnownFileType = sourcecode.c.h; path = ServiceFacade.h; sourceTree = "<group>"; };
		5D2568681516CEDB00E03ACF /* ServiceFacade.m */ = {isa = PBXFileReference; fileEncoding = 4; lastKnownFileType = sourcecode.c.objc; path = ServiceFacade.m; sourceTree = "<group>"; };
		5D2568691516CEDB00E03ACF /* ServiceResponse.h */ = {isa = PBXFileReference; fileEncoding = 4; lastKnownFileType = sourcecode.c.h; path = ServiceResponse.h; sourceTree = "<group>"; };
		5D25686A1516CEDB00E03ACF /* ServiceResponse.m */ = {isa = PBXFileReference; fileEncoding = 4; lastKnownFileType = sourcecode.c.objc; path = ServiceResponse.m; sourceTree = "<group>"; };
		5D25686B1516CEDB00E03ACF /* WebService.h */ = {isa = PBXFileReference; fileEncoding = 4; lastKnownFileType = sourcecode.c.h; path = WebService.h; sourceTree = "<group>"; };
		5D25686C1516CEDB00E03ACF /* WebService.m */ = {isa = PBXFileReference; fileEncoding = 4; lastKnownFileType = sourcecode.c.objc; path = WebService.m; sourceTree = "<group>"; };
		5D2568991516CFCE00E03ACF /* COPYING */ = {isa = PBXFileReference; fileEncoding = 4; lastKnownFileType = text; path = COPYING; sourceTree = "<group>"; };
		5D25689A1516CFCE00E03ACF /* LICENSE */ = {isa = PBXFileReference; fileEncoding = 4; lastKnownFileType = text; path = LICENSE; sourceTree = "<group>"; };
		5D25689B1516CFCE00E03ACF /* README */ = {isa = PBXFileReference; fileEncoding = 4; lastKnownFileType = text; path = README; sourceTree = "<group>"; };
		5D2568A11516CFDF00E03ACF /* ArtistViewController.h */ = {isa = PBXFileReference; fileEncoding = 4; lastKnownFileType = sourcecode.c.h; path = ArtistViewController.h; sourceTree = "<group>"; };
		5D2568A21516CFDF00E03ACF /* ArtistViewController.m */ = {isa = PBXFileReference; fileEncoding = 4; lastKnownFileType = sourcecode.c.objc; path = ArtistViewController.m; sourceTree = "<group>"; };
		5D2568A31516CFDF00E03ACF /* LabelViewController.h */ = {isa = PBXFileReference; fileEncoding = 4; lastKnownFileType = sourcecode.c.h; path = LabelViewController.h; sourceTree = "<group>"; };
		5D2568A41516CFDF00E03ACF /* LabelViewController.m */ = {isa = PBXFileReference; fileEncoding = 4; lastKnownFileType = sourcecode.c.objc; path = LabelViewController.m; sourceTree = "<group>"; };
		5D2568A51516CFDF00E03ACF /* ReleaseContoller.h */ = {isa = PBXFileReference; fileEncoding = 4; lastKnownFileType = sourcecode.c.h; path = ReleaseContoller.h; sourceTree = "<group>"; };
		5D2568A61516CFDF00E03ACF /* ReleaseContoller.m */ = {isa = PBXFileReference; fileEncoding = 4; lastKnownFileType = sourcecode.c.objc; path = ReleaseContoller.m; sourceTree = "<group>"; };
		5D2568A71516CFDF00E03ACF /* ReleaseViewController.h */ = {isa = PBXFileReference; fileEncoding = 4; lastKnownFileType = sourcecode.c.h; path = ReleaseViewController.h; sourceTree = "<group>"; };
		5D2568A81516CFDF00E03ACF /* ReleaseViewController.m */ = {isa = PBXFileReference; fileEncoding = 4; lastKnownFileType = sourcecode.c.objc; path = ReleaseViewController.m; sourceTree = "<group>"; };
		5D2568A91516CFDF00E03ACF /* TrackViewController.h */ = {isa = PBXFileReference; fileEncoding = 4; lastKnownFileType = sourcecode.c.h; path = TrackViewController.h; sourceTree = "<group>"; };
		5D2568AA1516CFDF00E03ACF /* TrackViewController.m */ = {isa = PBXFileReference; fileEncoding = 4; lastKnownFileType = sourcecode.c.objc; path = TrackViewController.m; sourceTree = "<group>"; };
		5D2568AC1516CFDF00E03ACF /* AddTagViewController.h */ = {isa = PBXFileReference; fileEncoding = 4; lastKnownFileType = sourcecode.c.h; path = AddTagViewController.h; sourceTree = "<group>"; };
		5D2568AD1516CFDF00E03ACF /* AddTagViewController.m */ = {isa = PBXFileReference; fileEncoding = 4; lastKnownFileType = sourcecode.c.objc; path = AddTagViewController.m; sourceTree = "<group>"; };
		5D2568AE1516CFDF00E03ACF /* RatingViewController.h */ = {isa = PBXFileReference; fileEncoding = 4; lastKnownFileType = sourcecode.c.h; path = RatingViewController.h; sourceTree = "<group>"; };
		5D2568AF1516CFDF00E03ACF /* RatingViewController.m */ = {isa = PBXFileReference; fileEncoding = 4; lastKnownFileType = sourcecode.c.objc; path = RatingViewController.m; sourceTree = "<group>"; };
		5D2568B01516CFDF00E03ACF /* TagListViewController.h */ = {isa = PBXFileReference; fileEncoding = 4; lastKnownFileType = sourcecode.c.h; path = TagListViewController.h; sourceTree = "<group>"; };
		5D2568B11516CFDF00E03ACF /* TagListViewController.m */ = {isa = PBXFileReference; fileEncoding = 4; lastKnownFileType = sourcecode.c.objc; path = TagListViewController.m; sourceTree = "<group>"; };
		5D2568B21516CFDF00E03ACF /* DonateViewController.h */ = {isa = PBXFileReference; fileEncoding = 4; lastKnownFileType = sourcecode.c.h; path = DonateViewController.h; sourceTree = "<group>"; };
		5D2568B31516CFDF00E03ACF /* DonateViewController.m */ = {isa = PBXFileReference; fileEncoding = 4; lastKnownFileType = sourcecode.c.objc; path = DonateViewController.m; sourceTree = "<group>"; };
		5D2568B41516CFDF00E03ACF /* LoginViewController.h */ = {isa = PBXFileReference; fileEncoding = 4; lastKnownFileType = sourcecode.c.h; path = LoginViewController.h; sourceTree = "<group>"; };
		5D2568B51516CFDF00E03ACF /* LoginViewController.m */ = {isa = PBXFileReference; fileEncoding = 4; lastKnownFileType = sourcecode.c.objc; path = LoginViewController.m; sourceTree = "<group>"; };
		5D2568B61516CFDF00E03ACF /* MainMenuController.h */ = {isa = PBXFileReference; fileEncoding = 4; lastKnownFileType = sourcecode.c.h; path = MainMenuController.h; sourceTree = "<group>"; };
		5D2568B71516CFDF00E03ACF /* MainMenuController.m */ = {isa = PBXFileReference; fileEncoding = 4; lastKnownFileType = sourcecode.c.objc; path = MainMenuController.m; sourceTree = "<group>"; };
		5D2568B91516CFDF00E03ACF /* ArtistSearchController.h */ = {isa = PBXFileReference; fileEncoding = 4; lastKnownFileType = sourcecode.c.h; path = ArtistSearchController.h; sourceTree = "<group>"; };
		5D2568BA1516CFDF00E03ACF /* ArtistSearchController.m */ = {isa = PBXFileReference; fileEncoding = 4; lastKnownFileType = sourcecode.c.objc; path = ArtistSearchController.m; sourceTree = "<group>"; };
		5D2568BB1516CFDF00E03ACF /* LabelSearchController.h */ = {isa = PBXFileReference; fileEncoding = 4; lastKnownFileType = sourcecode.c.h; path = LabelSearchController.h; sourceTree = "<group>"; };
		5D2568BC1516CFDF00E03ACF /* LabelSearchController.m */ = {isa = PBXFileReference; fileEncoding = 4; lastKnownFileType = sourcecode.c.objc; path = LabelSearchController.m; sourceTree = "<group>"; };
		5D2568BD1516CFDF00E03ACF /* ReleaseGroupSearchController.h */ = {isa = PBXFileReference; fileEncoding = 4; lastKnownFileType = sourcecode.c.h; path = ReleaseGroupSearchController.h; sourceTree = "<group>"; };
		5D2568BE1516CFDF00E03ACF /* ReleaseGroupSearchController.m */ = {isa = PBXFileReference; fileEncoding = 4; lastKnownFileType = sourcecode.c.objc; path = ReleaseGroupSearchController.m; sourceTree = "<group>"; };
		5D2568BF1516CFDF00E03ACF /* ReleaseSearchController.h */ = {isa = PBXFileReference; fileEncoding = 4; lastKnownFileType = sourcecode.c.h; path = ReleaseSearchController.h; sourceTree = "<group>"; };
		5D2568C01516CFDF00E03ACF /* ReleaseSearchController.m */ = {isa = PBXFileReference; fileEncoding = 4; lastKnownFileType = sourcecode.c.objc; path = ReleaseSearchController.m; sourceTree = "<group>"; };
		5D2568C11516CFDF00E03ACF /* TypeSelectionController.h */ = {isa = PBXFileReference; fileEncoding = 4; lastKnownFileType = sourcecode.c.h; path = TypeSelectionController.h; sourceTree = "<group>"; };
		5D2568C21516CFDF00E03ACF /* TypeSelectionController.m */ = {isa = PBXFileReference; fileEncoding = 4; lastKnownFileType = sourcecode.c.objc; path = TypeSelectionController.m; sourceTree = "<group>"; };
		5D2568D41516D03600E03ACF /* main.m */ = {isa = PBXFileReference; fileEncoding = 4; lastKnownFileType = sourcecode.c.objc; path = main.m; sourceTree = "<group>"; };
		5D2568D51516D03600E03ACF /* Musicbrainz_Prefix.pch */ = {isa = PBXFileReference; fileEncoding = 4; lastKnownFileType = sourcecode.c.h; path = Musicbrainz_Prefix.pch; sourceTree = "<group>"; };
		5D2568D61516D03600E03ACF /* StringEditTableCell.h */ = {isa = PBXFileReference; fileEncoding = 4; lastKnownFileType = sourcecode.c.h; path = StringEditTableCell.h; sourceTree = "<group>"; };
		5D2568D71516D03600E03ACF /* StringEditTableCell.m */ = {isa = PBXFileReference; fileEncoding = 4; lastKnownFileType = sourcecode.c.objc; path = StringEditTableCell.m; sourceTree = "<group>"; };
		5D2568DB1516D06400E03ACF /* albumcover.jpg */ = {isa = PBXFileReference; lastKnownFileType = image.jpeg; path = albumcover.jpg; sourceTree = "<group>"; };
		5D2568DC1516D06400E03ACF /* icon.png */ = {isa = PBXFileReference; lastKnownFileType = image.png; path = icon.png; sourceTree = "<group>"; };
		5D2568DD1516D06400E03ACF /* MainWindow.xib */ = {isa = PBXFileReference; fileEncoding = 4; lastKnownFileType = file.xib; path = MainWindow.xib; sourceTree = "<group>"; };
		5D2568DE1516D06400E03ACF /* Musicbrainz-Info.plist */ = {isa = PBXFileReference; fileEncoding = 4; lastKnownFileType = text.plist.xml; path = "Musicbrainz-Info.plist"; sourceTree = "<group>"; };
		5D2568DF1516D06400E03ACF /* MusicBrainzLogo.png */ = {isa = PBXFileReference; lastKnownFileType = image.png; path = MusicBrainzLogo.png; sourceTree = "<group>"; };
		5D2568E01516D06400E03ACF /* ratedStar.png */ = {isa = PBXFileReference; lastKnownFileType = image.png; path = ratedStar.png; sourceTree = "<group>"; };
		5D2568E11516D06400E03ACF /* unratedStar.png */ = {isa = PBXFileReference; lastKnownFileType = image.png; path = unratedStar.png; sourceTree = "<group>"; };
		8487BC5C11BC6B5C00506B80 /* Release.h */ = {isa = PBXFileReference; fileEncoding = 4; lastKnownFileType = sourcecode.c.h; path = Release.h; sourceTree = "<group>"; };
		8487BC5D11BC6B5C00506B80 /* Release.m */ = {isa = PBXFileReference; fileEncoding = 4; lastKnownFileType = sourcecode.c.objc; path = Release.m; sourceTree = "<group>"; };
		8487DEEA11FDAE50006DB16C /* ReleaseGroup.h */ = {isa = PBXFileReference; fileEncoding = 4; lastKnownFileType = sourcecode.c.h; path = ReleaseGroup.h; sourceTree = "<group>"; };
		8487DEEB11FDAE50006DB16C /* ReleaseGroup.m */ = {isa = PBXFileReference; fileEncoding = 4; lastKnownFileType = sourcecode.c.objc; path = ReleaseGroup.m; sourceTree = "<group>"; };
		848EAD8711B94F7B00357E7D /* Search.h */ = {isa = PBXFileReference; fileEncoding = 4; lastKnownFileType = sourcecode.c.h; path = Search.h; sourceTree = "<group>"; };
		848EAD8811B94F7B00357E7D /* Search.m */ = {isa = PBXFileReference; fileEncoding = 4; lastKnownFileType = sourcecode.c.objc; path = Search.m; sourceTree = "<group>"; };
		84A0D89711D8D645009F2888 /* Track.h */ = {isa = PBXFileReference; fileEncoding = 4; lastKnownFileType = sourcecode.c.h; path = Track.h; sourceTree = "<group>"; };
		84A0D89811D8D645009F2888 /* Track.m */ = {isa = PBXFileReference; fileEncoding = 4; lastKnownFileType = sourcecode.c.objc; path = Track.m; sourceTree = "<group>"; };
		84B5062211D1050E00B82131 /* Artist.h */ = {isa = PBXFileReference; fileEncoding = 4; lastKnownFileType = sourcecode.c.h; path = Artist.h; sourceTree = "<group>"; };
		84B5062311D1050E00B82131 /* Artist.m */ = {isa = PBXFileReference; fileEncoding = 4; lastKnownFileType = sourcecode.c.objc; path = Artist.m; sourceTree = "<group>"; };
		84B5064B11D10F1900B82131 /* Label.h */ = {isa = PBXFileReference; fileEncoding = 4; lastKnownFileType = sourcecode.c.h; path = Label.h; sourceTree = "<group>"; };
		84B5064C11D10F1900B82131 /* Label.m */ = {isa = PBXFileReference; fileEncoding = 4; lastKnownFileType = sourcecode.c.objc; path = Label.m; sourceTree = "<group>"; };
		84C2A229121174620090FBDA /* Security.framework */ = {isa = PBXFileReference; lastKnownFileType = wrapper.framework; name = Security.framework; path = System/Library/Frameworks/Security.framework; sourceTree = SDKROOT; };
		84C2A23C121177C00090FBDA /* AccountInformation.h */ = {isa = PBXFileReference; fileEncoding = 4; lastKnownFileType = sourcecode.c.h; path = AccountInformation.h; sourceTree = "<group>"; };
		84C2A23D121177C00090FBDA /* AccountInformation.m */ = {isa = PBXFileReference; fileEncoding = 4; lastKnownFileType = sourcecode.c.objc; path = AccountInformation.m; sourceTree = "<group>"; };
/* End PBXFileReference section */

/* Begin PBXFrameworksBuildPhase section */
		1D60588F0D05DD3D006BFB54 /* Frameworks */ = {
			isa = PBXFrameworksBuildPhase;
			buildActionMask = 2147483647;
			files = (
				1D60589F0D05DD5A006BFB54 /* Foundation.framework in Frameworks */,
				1DF5F4E00D08C38300B7A737 /* UIKit.framework in Frameworks */,
				288765FD0DF74451002DB57D /* CoreGraphics.framework in Frameworks */,
				84C2A22A121174620090FBDA /* Security.framework in Frameworks */,
				5D2568051516BE4500E03ACF /* libPayPalMEP.a in Frameworks */,
				5D25683C1516CBC000E03ACF /* AVFoundation.framework in Frameworks */,
				5D25683E1516CBD500E03ACF /* CoreMedia.framework in Frameworks */,
				5D2568401516CBE300E03ACF /* CoreVideo.framework in Frameworks */,
				5D2568421516CBF400E03ACF /* QuartzCore.framework in Frameworks */,
				5D2568441516CC0400E03ACF /* libiconv.dylib in Frameworks */,
				5D2568351516CB1000E03ACF /* libzbar.a in Frameworks */,
			);
			runOnlyForDeploymentPostprocessing = 0;
		};
/* End PBXFrameworksBuildPhase section */

/* Begin PBXGroup section */
		080E96DDFE201D6D7F000001 /* Classes */ = {
			isa = PBXGroup;
			children = (
				1D3623240D0F684500981E51 /* MusicbrainzAppDelegate.h */,
				1D3623250D0F684500981E51 /* MusicbrainzAppDelegate.m */,
				848EAD8711B94F7B00357E7D /* Search.h */,
				848EAD8811B94F7B00357E7D /* Search.m */,
				8487BC5C11BC6B5C00506B80 /* Release.h */,
				8487BC5D11BC6B5C00506B80 /* Release.m */,
				84B5062211D1050E00B82131 /* Artist.h */,
				84B5062311D1050E00B82131 /* Artist.m */,
				84B5064B11D10F1900B82131 /* Label.h */,
				84B5064C11D10F1900B82131 /* Label.m */,
				84A0D89711D8D645009F2888 /* Track.h */,
				84A0D89811D8D645009F2888 /* Track.m */,
				8487DEEA11FDAE50006DB16C /* ReleaseGroup.h */,
				8487DEEB11FDAE50006DB16C /* ReleaseGroup.m */,
				49CEA237150B8DBD00E9E15E /* RateAndTaggableEntity.h */,
				84C2A23C121177C00090FBDA /* AccountInformation.h */,
				84C2A23D121177C00090FBDA /* AccountInformation.m */,
			);
			path = Classes;
			sourceTree = "<group>";
		};
		19C28FACFE9D520D11CA2CBB /* Products */ = {
			isa = PBXGroup;
			children = (
				1D6058910D05DD3D006BFB54 /* Musicbrainz.app */,
			);
			name = Products;
			sourceTree = "<group>";
		};
		29B97314FDCFA39411CA2CEA /* CustomTemplate */ = {
			isa = PBXGroup;
			children = (
				5D2568171516CB1000E03ACF /* ZBarSDK */,
				5D2567FE1516BE4500E03ACF /* PayPal */,
				5D2568451516CE6C00E03ACF /* Parser */,
				5D2568661516CEDB00E03ACF /* Service */,
				5D25689F1516CFDF00E03ACF /* ViewController */,
				080E96DDFE201D6D7F000001 /* Classes */,
				5D2568D31516D03600E03ACF /* Other Sources */,
				5D2568DA1516D06400E03ACF /* Resources */,
				5D2567FA1516B9AF00E03ACF /* iPad */,
				29B97323FDCFA39411CA2CEA /* Frameworks */,
				19C28FACFE9D520D11CA2CBB /* Products */,
			);
			name = CustomTemplate;
			sourceTree = "<group>";
		};
		29B97323FDCFA39411CA2CEA /* Frameworks */ = {
			isa = PBXGroup;
			children = (
				5D2568431516CC0400E03ACF /* libiconv.dylib */,
				5D2568411516CBF400E03ACF /* QuartzCore.framework */,
				5D25683F1516CBE300E03ACF /* CoreVideo.framework */,
				5D25683D1516CBD500E03ACF /* CoreMedia.framework */,
				5D25683B1516CBC000E03ACF /* AVFoundation.framework */,
				84C2A229121174620090FBDA /* Security.framework */,
				1DF5F4DF0D08C38300B7A737 /* UIKit.framework */,
				1D30AB110D05D00D00671497 /* Foundation.framework */,
				288765FC0DF74451002DB57D /* CoreGraphics.framework */,
			);
			name = Frameworks;
			sourceTree = "<group>";
		};
		5D2567FA1516B9AF00E03ACF /* iPad */ = {
			isa = PBXGroup;
			children = (
				5D2567FB1516B9AF00E03ACF /* MainWindow-iPad.xib */,
			);
			name = iPad;
			sourceTree = "<group>";
		};
		5D2567FE1516BE4500E03ACF /* PayPal */ = {
			isa = PBXGroup;
			children = (
				5D2568001516BE4500E03ACF /* MEPAddress.h */,
				5D2568011516BE4500E03ACF /* MEPAmounts.h */,
				5D2568021516BE4500E03ACF /* PayPal.h */,
				5D2568031516BE4500E03ACF /* PayPalContext.h */,
				5D2568041516BE4500E03ACF /* PayPalMEPPayment.h */,
				5D2567FF1516BE4500E03ACF /* libPayPalMEP.a */,
			);
			path = PayPal;
			sourceTree = "<group>";
		};
		5D2568171516CB1000E03ACF /* ZBarSDK */ = {
			isa = PBXGroup;
			children = (
				5D2568991516CFCE00E03ACF /* COPYING */,
				5D25689A1516CFCE00E03ACF /* LICENSE */,
				5D25689B1516CFCE00E03ACF /* README */,
				5D2568181516CB1000E03ACF /* Headers */,
				5D2568301516CB1000E03ACF /* Resources */,
				5D25682F1516CB1000E03ACF /* libzbar.a */,
			);
			path = ZBarSDK;
			sourceTree = "<group>";
		};
		5D2568181516CB1000E03ACF /* Headers */ = {
			isa = PBXGroup;
			children = (
				5D2568191516CB1000E03ACF /* ZBarSDK */,
			);
			path = Headers;
			sourceTree = "<group>";
		};
		5D2568191516CB1000E03ACF /* ZBarSDK */ = {
			isa = PBXGroup;
			children = (
				5D25681A1516CB1000E03ACF /* zbar */,
				5D2568241516CB1000E03ACF /* zbar.h */,
				5D2568251516CB1000E03ACF /* ZBarCameraSimulator.h */,
				5D2568261516CB1000E03ACF /* ZBarCaptureReader.h */,
				5D2568271516CB1000E03ACF /* ZBarHelpController.h */,
				5D2568281516CB1000E03ACF /* ZBarImage.h */,
				5D2568291516CB1000E03ACF /* ZBarImageScanner.h */,
				5D25682A1516CB1000E03ACF /* ZBarReaderController.h */,
				5D25682B1516CB1000E03ACF /* ZBarReaderView.h */,
				5D25682C1516CB1000E03ACF /* ZBarReaderViewController.h */,
				5D25682D1516CB1000E03ACF /* ZBarSDK.h */,
				5D25682E1516CB1000E03ACF /* ZBarSymbol.h */,
			);
			path = ZBarSDK;
			sourceTree = "<group>";
		};
		5D25681A1516CB1000E03ACF /* zbar */ = {
			isa = PBXGroup;
			children = (
				5D25681B1516CB1000E03ACF /* Decoder.h */,
				5D25681C1516CB1000E03ACF /* Exception.h */,
				5D25681D1516CB1000E03ACF /* Image.h */,
				5D25681E1516CB1000E03ACF /* ImageScanner.h */,
				5D25681F1516CB1000E03ACF /* Processor.h */,
				5D2568201516CB1000E03ACF /* Scanner.h */,
				5D2568211516CB1000E03ACF /* Symbol.h */,
				5D2568221516CB1000E03ACF /* Video.h */,
				5D2568231516CB1000E03ACF /* Window.h */,
			);
			path = zbar;
			sourceTree = "<group>";
		};
		5D2568301516CB1000E03ACF /* Resources */ = {
			isa = PBXGroup;
			children = (
				5D2568311516CB1000E03ACF /* zbar-back.png */,
				5D2568321516CB1000E03ACF /* zbar-help.html */,
				5D2568331516CB1000E03ACF /* zbar-helpicons.png */,
				5D2568341516CB1000E03ACF /* zbar-samples.png */,
			);
			path = Resources;
			sourceTree = "<group>";
		};
		5D2568451516CE6C00E03ACF /* Parser */ = {
			isa = PBXGroup;
			children = (
				5D2568481516CE6C00E03ACF /* LookUpParser */,
				5D2568531516CE6C00E03ACF /* QueryParser */,
				5D2568461516CE6C00E03ACF /* AbstractXMLParser.h */,
				5D2568471516CE6C00E03ACF /* AbstractXMLParser.m */,
			);
			path = Parser;
			sourceTree = SOURCE_ROOT;
		};
		5D2568481516CE6C00E03ACF /* LookUpParser */ = {
			isa = PBXGroup;
			children = (
				5D2568491516CE6C00E03ACF /* ArtistLookUpParser.h */,
				5D25684A1516CE6C00E03ACF /* ArtistLookUpParser.m */,
				5D25684B1516CE6C00E03ACF /* LabelLookUpParser.h */,
				5D25684C1516CE6C00E03ACF /* LabelLookUpParser.m */,
				5D25684D1516CE6C00E03ACF /* ReleaseGroupLookUpParser.h */,
				5D25684E1516CE6C00E03ACF /* ReleaseGroupLookUpParser.m */,
				5D25684F1516CE6C00E03ACF /* ReleaseLookUpParser.h */,
				5D2568501516CE6C00E03ACF /* ReleaseLookUpParser.m */,
				5D2568511516CE6C00E03ACF /* TrackLookUpParser.h */,
				5D2568521516CE6C00E03ACF /* TrackLookUpParser.m */,
			);
			path = LookUpParser;
			sourceTree = "<group>";
		};
		5D2568531516CE6C00E03ACF /* QueryParser */ = {
			isa = PBXGroup;
			children = (
				5D2568541516CE6C00E03ACF /* ArtistSearchParser.h */,
				5D2568551516CE6C00E03ACF /* ArtistSearchParser.m */,
				5D2568561516CE6C00E03ACF /* LabelSearchParser.h */,
				5D2568571516CE6C00E03ACF /* LabelSearchParser.m */,
				5D2568581516CE6C00E03ACF /* ReleaseGroupSearchParser.h */,
				5D2568591516CE6C00E03ACF /* ReleaseGroupSearchParser.m */,
				5D25685A1516CE6C00E03ACF /* ReleaseSearchParser.h */,
				5D25685B1516CE6C00E03ACF /* ReleaseSearchParser.m */,
			);
			path = QueryParser;
			sourceTree = "<group>";
		};
		5D2568661516CEDB00E03ACF /* Service */ = {
			isa = PBXGroup;
			children = (
				5D2568671516CEDB00E03ACF /* ServiceFacade.h */,
				5D2568681516CEDB00E03ACF /* ServiceFacade.m */,
				5D2568691516CEDB00E03ACF /* ServiceResponse.h */,
				5D25686A1516CEDB00E03ACF /* ServiceResponse.m */,
				5D25686B1516CEDB00E03ACF /* WebService.h */,
				5D25686C1516CEDB00E03ACF /* WebService.m */,
			);
			path = Service;
			sourceTree = "<group>";
		};
		5D25689F1516CFDF00E03ACF /* ViewController */ = {
			isa = PBXGroup;
			children = (
				5D2568A01516CFDF00E03ACF /* Detail Pages */,
				5D2568AB1516CFDF00E03ACF /* Detail Subpages */,
				5D2568B81516CFDF00E03ACF /* Search Result Views */,
				5D2568B21516CFDF00E03ACF /* DonateViewController.h */,
				5D2568B31516CFDF00E03ACF /* DonateViewController.m */,
				5D2568B41516CFDF00E03ACF /* LoginViewController.h */,
				5D2568B51516CFDF00E03ACF /* LoginViewController.m */,
				5D2568B61516CFDF00E03ACF /* MainMenuController.h */,
				5D2568B71516CFDF00E03ACF /* MainMenuController.m */,
				5D2568C11516CFDF00E03ACF /* TypeSelectionController.h */,
				5D2568C21516CFDF00E03ACF /* TypeSelectionController.m */,
			);
			path = ViewController;
			sourceTree = "<group>";
		};
		5D2568A01516CFDF00E03ACF /* Detail Pages */ = {
			isa = PBXGroup;
			children = (
				5D2568A11516CFDF00E03ACF /* ArtistViewController.h */,
				5D2568A21516CFDF00E03ACF /* ArtistViewController.m */,
				5D2568A31516CFDF00E03ACF /* LabelViewController.h */,
				5D2568A41516CFDF00E03ACF /* LabelViewController.m */,
				5D2568A51516CFDF00E03ACF /* ReleaseContoller.h */,
				5D2568A61516CFDF00E03ACF /* ReleaseContoller.m */,
				5D2568A71516CFDF00E03ACF /* ReleaseViewController.h */,
				5D2568A81516CFDF00E03ACF /* ReleaseViewController.m */,
				5D2568A91516CFDF00E03ACF /* TrackViewController.h */,
				5D2568AA1516CFDF00E03ACF /* TrackViewController.m */,
			);
			path = "Detail Pages";
			sourceTree = "<group>";
		};
		5D2568AB1516CFDF00E03ACF /* Detail Subpages */ = {
			isa = PBXGroup;
			children = (
				5D2568AC1516CFDF00E03ACF /* AddTagViewController.h */,
				5D2568AD1516CFDF00E03ACF /* AddTagViewController.m */,
				5D2568AE1516CFDF00E03ACF /* RatingViewController.h */,
				5D2568AF1516CFDF00E03ACF /* RatingViewController.m */,
				5D2568B01516CFDF00E03ACF /* TagListViewController.h */,
				5D2568B11516CFDF00E03ACF /* TagListViewController.m */,
			);
			path = "Detail Subpages";
			sourceTree = "<group>";
		};
		5D2568B81516CFDF00E03ACF /* Search Result Views */ = {
			isa = PBXGroup;
			children = (
				5D2568B91516CFDF00E03ACF /* ArtistSearchController.h */,
				5D2568BA1516CFDF00E03ACF /* ArtistSearchController.m */,
				5D2568BB1516CFDF00E03ACF /* LabelSearchController.h */,
				5D2568BC1516CFDF00E03ACF /* LabelSearchController.m */,
				5D2568BD1516CFDF00E03ACF /* ReleaseGroupSearchController.h */,
				5D2568BE1516CFDF00E03ACF /* ReleaseGroupSearchController.m */,
				5D2568BF1516CFDF00E03ACF /* ReleaseSearchController.h */,
				5D2568C01516CFDF00E03ACF /* ReleaseSearchController.m */,
			);
			path = "Search Result Views";
			sourceTree = "<group>";
		};
		5D2568D31516D03600E03ACF /* Other Sources */ = {
			isa = PBXGroup;
			children = (
				5D2568D41516D03600E03ACF /* main.m */,
				5D2568D51516D03600E03ACF /* Musicbrainz_Prefix.pch */,
				5D2568D61516D03600E03ACF /* StringEditTableCell.h */,
				5D2568D71516D03600E03ACF /* StringEditTableCell.m */,
			);
			path = "Other Sources";
			sourceTree = "<group>";
		};
		5D2568DA1516D06400E03ACF /* Resources */ = {
			isa = PBXGroup;
			children = (
				5D2568DB1516D06400E03ACF /* albumcover.jpg */,
				5D2568DC1516D06400E03ACF /* icon.png */,
				5D2568DD1516D06400E03ACF /* MainWindow.xib */,
				5D2568DE1516D06400E03ACF /* Musicbrainz-Info.plist */,
				5D2568DF1516D06400E03ACF /* MusicBrainzLogo.png */,
				5D2568E01516D06400E03ACF /* ratedStar.png */,
				5D2568E11516D06400E03ACF /* unratedStar.png */,
			);
			path = Resources;
			sourceTree = "<group>";
		};
/* End PBXGroup section */

/* Begin PBXNativeTarget section */
		1D6058900D05DD3D006BFB54 /* Musicbrainz */ = {
			isa = PBXNativeTarget;
			buildConfigurationList = 1D6058960D05DD3E006BFB54 /* Build configuration list for PBXNativeTarget "Musicbrainz" */;
			buildPhases = (
				1D60588D0D05DD3D006BFB54 /* Resources */,
				1D60588E0D05DD3D006BFB54 /* Sources */,
				1D60588F0D05DD3D006BFB54 /* Frameworks */,
			);
			buildRules = (
			);
			dependencies = (
			);
			name = Musicbrainz;
			productName = Musicbrainz;
			productReference = 1D6058910D05DD3D006BFB54 /* Musicbrainz.app */;
			productType = "com.apple.product-type.application";
		};
/* End PBXNativeTarget section */

/* Begin PBXProject section */
		29B97313FDCFA39411CA2CEA /* Project object */ = {
			isa = PBXProject;
			attributes = {
				LastUpgradeCheck = 0430;
			};
			buildConfigurationList = C01FCF4E08A954540054247B /* Build configuration list for PBXProject "Musicbrainz" */;
			compatibilityVersion = "Xcode 3.2";
			developmentRegion = English;
			hasScannedForEncodings = 1;
			knownRegions = (
				en,
			);
			mainGroup = 29B97314FDCFA39411CA2CEA /* CustomTemplate */;
			projectDirPath = "";
			projectRoot = "";
			targets = (
				1D6058900D05DD3D006BFB54 /* Musicbrainz */,
			);
		};
/* End PBXProject section */

/* Begin PBXResourcesBuildPhase section */
		1D60588D0D05DD3D006BFB54 /* Resources */ = {
			isa = PBXResourcesBuildPhase;
			buildActionMask = 2147483647;
			files = (
				5D2567FC1516B9AF00E03ACF /* MainWindow-iPad.xib in Resources */,
				5D2568361516CB1000E03ACF /* zbar-back.png in Resources */,
				5D2568371516CB1000E03ACF /* zbar-help.html in Resources */,
				5D2568381516CB1000E03ACF /* zbar-helpicons.png in Resources */,
				5D2568391516CB1000E03ACF /* zbar-samples.png in Resources */,
				5D25689C1516CFCE00E03ACF /* COPYING in Resources */,
				5D25689D1516CFCE00E03ACF /* LICENSE in Resources */,
				5D25689E1516CFCE00E03ACF /* README in Resources */,
				5D2568E21516D06400E03ACF /* albumcover.jpg in Resources */,
				5D2568E31516D06400E03ACF /* icon.png in Resources */,
				5D2568E41516D06400E03ACF /* MainWindow.xib in Resources */,
				5D2568E51516D06400E03ACF /* Musicbrainz-Info.plist in Resources */,
				5D2568E61516D06400E03ACF /* MusicBrainzLogo.png in Resources */,
				5D2568E71516D06400E03ACF /* ratedStar.png in Resources */,
				5D2568E81516D06400E03ACF /* unratedStar.png in Resources */,
			);
			runOnlyForDeploymentPostprocessing = 0;
		};
/* End PBXResourcesBuildPhase section */

/* Begin PBXSourcesBuildPhase section */
		1D60588E0D05DD3D006BFB54 /* Sources */ = {
			isa = PBXSourcesBuildPhase;
			buildActionMask = 2147483647;
			files = (
				1D3623260D0F684500981E51 /* MusicbrainzAppDelegate.m in Sources */,
				848EAD8911B94F7B00357E7D /* Search.m in Sources */,
				8487BC5E11BC6B5C00506B80 /* Release.m in Sources */,
				84B5062411D1050E00B82131 /* Artist.m in Sources */,
				84B5064D11D10F1900B82131 /* Label.m in Sources */,
				84A0D89911D8D645009F2888 /* Track.m in Sources */,
				8487DEEC11FDAE50006DB16C /* ReleaseGroup.m in Sources */,
				84C2A23E121177C00090FBDA /* AccountInformation.m in Sources */,
				5D25685C1516CE6C00E03ACF /* AbstractXMLParser.m in Sources */,
				5D25685D1516CE6C00E03ACF /* ArtistLookUpParser.m in Sources */,
				5D25685E1516CE6C00E03ACF /* LabelLookUpParser.m in Sources */,
				5D25685F1516CE6C00E03ACF /* ReleaseGroupLookUpParser.m in Sources */,
				5D2568601516CE6C00E03ACF /* ReleaseLookUpParser.m in Sources */,
				5D2568611516CE6C00E03ACF /* TrackLookUpParser.m in Sources */,
				5D2568621516CE6C00E03ACF /* ArtistSearchParser.m in Sources */,
				5D2568631516CE6C00E03ACF /* LabelSearchParser.m in Sources */,
				5D2568641516CE6C00E03ACF /* ReleaseGroupSearchParser.m in Sources */,
				5D2568651516CE6C00E03ACF /* ReleaseSearchParser.m in Sources */,
				5D25686D1516CEDB00E03ACF /* ServiceFacade.m in Sources */,
				5D25686E1516CEDB00E03ACF /* ServiceResponse.m in Sources */,
				5D25686F1516CEDB00E03ACF /* WebService.m in Sources */,
				5D2568C31516CFDF00E03ACF /* ArtistViewController.m in Sources */,
				5D2568C41516CFDF00E03ACF /* LabelViewController.m in Sources */,
				5D2568C51516CFDF00E03ACF /* ReleaseContoller.m in Sources */,
				5D2568C61516CFDF00E03ACF /* ReleaseViewController.m in Sources */,
				5D2568C71516CFDF00E03ACF /* TrackViewController.m in Sources */,
				5D2568C81516CFDF00E03ACF /* AddTagViewController.m in Sources */,
				5D2568C91516CFDF00E03ACF /* RatingViewController.m in Sources */,
				5D2568CA1516CFDF00E03ACF /* TagListViewController.m in Sources */,
				5D2568CB1516CFDF00E03ACF /* DonateViewController.m in Sources */,
				5D2568CC1516CFDF00E03ACF /* LoginViewController.m in Sources */,
				5D2568CD1516CFDF00E03ACF /* MainMenuController.m in Sources */,
				5D2568CE1516CFDF00E03ACF /* ArtistSearchController.m in Sources */,
				5D2568CF1516CFDF00E03ACF /* LabelSearchController.m in Sources */,
				5D2568D01516CFDF00E03ACF /* ReleaseGroupSearchController.m in Sources */,
				5D2568D11516CFDF00E03ACF /* ReleaseSearchController.m in Sources */,
				5D2568D21516CFDF00E03ACF /* TypeSelectionController.m in Sources */,
				5D2568D81516D03600E03ACF /* main.m in Sources */,
				5D2568D91516D03600E03ACF /* StringEditTableCell.m in Sources */,
			);
			runOnlyForDeploymentPostprocessing = 0;
		};
/* End PBXSourcesBuildPhase section */

/* Begin XCBuildConfiguration section */
		1D6058940D05DD3E006BFB54 /* Debug */ = {
			isa = XCBuildConfiguration;
			buildSettings = {
				ALWAYS_SEARCH_USER_PATHS = NO;
				COPY_PHASE_STRIP = NO;
				GCC_DYNAMIC_NO_PIC = NO;
				GCC_OPTIMIZATION_LEVEL = 0;
				GCC_PRECOMPILE_PREFIX_HEADER = YES;
				GCC_PREFIX_HEADER = Musicbrainz_Prefix.pch;
				INFOPLIST_FILE = "Musicbrainz-Info.plist";
				IPHONEOS_DEPLOYMENT_TARGET = 4.0;
				LIBRARY_SEARCH_PATHS = (
					"$(inherited)",
					"\"$(SRCROOT)\"",
					"\"$(SRCROOT)/PayPal\"",
					"\"$(SRCROOT)/ZBarSDK\"",
				);
				PRODUCT_NAME = Musicbrainz;
				SDKROOT = iphoneos;
				TARGETED_DEVICE_FAMILY = "1,2";
			};
			name = Debug;
		};
		1D6058950D05DD3E006BFB54 /* Release */ = {
			isa = XCBuildConfiguration;
			buildSettings = {
				ALWAYS_SEARCH_USER_PATHS = NO;
				COPY_PHASE_STRIP = YES;
				GCC_PRECOMPILE_PREFIX_HEADER = YES;
				GCC_PREFIX_HEADER = Musicbrainz_Prefix.pch;
				INFOPLIST_FILE = "Musicbrainz-Info.plist";
				IPHONEOS_DEPLOYMENT_TARGET = 4.0;
				LIBRARY_SEARCH_PATHS = (
					"$(inherited)",
					"\"$(SRCROOT)\"",
					"\"$(SRCROOT)/PayPal\"",
					"\"$(SRCROOT)/ZBarSDK\"",
				);
				PRODUCT_NAME = Musicbrainz;
				SDKROOT = iphoneos;
				TARGETED_DEVICE_FAMILY = "1,2";
			};
			name = Release;
		};
		C01FCF4F08A954540054247B /* Debug */ = {
			isa = XCBuildConfiguration;
			buildSettings = {
				ARCHS = "$(ARCHS_STANDARD_32_BIT)";
				"CODE_SIGN_IDENTITY[sdk=iphoneos*]" = "iPhone Developer";
				GCC_C_LANGUAGE_STANDARD = c99;
				GCC_WARN_ABOUT_RETURN_TYPE = YES;
				GCC_WARN_UNUSED_VARIABLE = YES;
				IPHONEOS_DEPLOYMENT_TARGET = 5.1;
				SDKROOT = iphoneos;
			};
			name = Debug;
		};
		C01FCF5008A954540054247B /* Release */ = {
			isa = XCBuildConfiguration;
			buildSettings = {
				ARCHS = "$(ARCHS_STANDARD_32_BIT)";
				"CODE_SIGN_IDENTITY[sdk=iphoneos*]" = "iPhone Developer";
				GCC_C_LANGUAGE_STANDARD = c99;
				GCC_WARN_ABOUT_RETURN_TYPE = YES;
				GCC_WARN_UNUSED_VARIABLE = YES;
				IPHONEOS_DEPLOYMENT_TARGET = 5.1;
				SDKROOT = iphoneos;
			};
			name = Release;
		};
/* End XCBuildConfiguration section */

/* Begin XCConfigurationList section */
		1D6058960D05DD3E006BFB54 /* Build configuration list for PBXNativeTarget "Musicbrainz" */ = {
			isa = XCConfigurationList;
			buildConfigurations = (
				1D6058940D05DD3E006BFB54 /* Debug */,
				1D6058950D05DD3E006BFB54 /* Release */,
			);
			defaultConfigurationIsVisible = 0;
			defaultConfigurationName = Release;
		};
		C01FCF4E08A954540054247B /* Build configuration list for PBXProject "Musicbrainz" */ = {
			isa = XCConfigurationList;
			buildConfigurations = (
				C01FCF4F08A954540054247B /* Debug */,
				C01FCF5008A954540054247B /* Release */,
			);
			defaultConfigurationIsVisible = 0;
			defaultConfigurationName = Release;
		};
/* End XCConfigurationList section */
	};
	rootObject = 29B97313FDCFA39411CA2CEA /* Project object */;
}
