// !$*UTF8*$!
{
	archiveVersion = 1;
	classes = {
	};
	objectVersion = 46;
	objects = {

/* Begin PBXBuildFile section */
		3201088596B4756681693705 /* libThree20UICommon.a in Frameworks */ = {isa = PBXBuildFile; fileRef = 3201088596B4756681693704 /* libThree20UICommon.a */; };
		320A2827FEC940B25BC42C65 /* libThree20Core.a in Frameworks */ = {isa = PBXBuildFile; fileRef = 320A2827FEC940B25BC42C64 /* libThree20Core.a */; };
		320A5A189C235877202780D5 /* libThree20Network.a in Frameworks */ = {isa = PBXBuildFile; fileRef = 320A5A189C235877202780D4 /* libThree20Network.a */; };
		320A737074758E53BA54BE95 /* libThree20UINavigator.a in Frameworks */ = {isa = PBXBuildFile; fileRef = 320A737074758E53BA54BE94 /* libThree20UINavigator.a */; };
		320AF8492C47A4D819F7C451 /* QuartzCore.framework in Frameworks */ = {isa = PBXBuildFile; fileRef = 320AF8492C47A4D819F7C450 /* QuartzCore.framework */; };
		320B6C86F11D9990244A9731 /* Three20.bundle in Resources */ = {isa = PBXBuildFile; fileRef = 320B6C86F11D9990244A9730 /* Three20.bundle */; };
		320CC833B8AF0ACFD35E6225 /* libThree20Style.a in Frameworks */ = {isa = PBXBuildFile; fileRef = 320CC833B8AF0ACFD35E6224 /* libThree20Style.a */; };
		320D7DCCE32703ACAB9A45E5 /* libThree20.a in Frameworks */ = {isa = PBXBuildFile; fileRef = 320D7DCCE32703ACAB9A45E4 /* libThree20.a */; };
		320F2C48872C2E2C4DF86205 /* libThree20UI.a in Frameworks */ = {isa = PBXBuildFile; fileRef = 320F2C48872C2E2C4DF86204 /* libThree20UI.a */; };
		5DC04B8215D2F8F500972113 /* UIKit.framework in Frameworks */ = {isa = PBXBuildFile; fileRef = 5DC04B8115D2F8F500972113 /* UIKit.framework */; };
		5DC04B8415D2F8F500972113 /* Foundation.framework in Frameworks */ = {isa = PBXBuildFile; fileRef = 5DC04B8315D2F8F500972113 /* Foundation.framework */; };
		5DC04B8615D2F8F500972113 /* CoreGraphics.framework in Frameworks */ = {isa = PBXBuildFile; fileRef = 5DC04B8515D2F8F500972113 /* CoreGraphics.framework */; };
		5DC04B8C15D2F8F500972113 /* InfoPlist.strings in Resources */ = {isa = PBXBuildFile; fileRef = 5DC04B8A15D2F8F500972113 /* InfoPlist.strings */; };
		5DC04B8E15D2F8F500972113 /* main.m in Sources */ = {isa = PBXBuildFile; fileRef = 5DC04B8D15D2F8F500972113 /* main.m */; };
		5DC04B9215D2F8F500972113 /* MBAppDelegate.m in Sources */ = {isa = PBXBuildFile; fileRef = 5DC04B9115D2F8F500972113 /* MBAppDelegate.m */; };
		5DC04B9515D2F8F500972113 /* MainStoryboard_iPhone.storyboard in Resources */ = {isa = PBXBuildFile; fileRef = 5DC04B9315D2F8F500972113 /* MainStoryboard_iPhone.storyboard */; };
		5DC04B9815D2F8F500972113 /* MainStoryboard_iPad.storyboard in Resources */ = {isa = PBXBuildFile; fileRef = 5DC04B9615D2F8F500972113 /* MainStoryboard_iPad.storyboard */; };
		5DC04B9B15D2F8F500972113 /* MBMasterViewController.m in Sources */ = {isa = PBXBuildFile; fileRef = 5DC04B9A15D2F8F500972113 /* MBMasterViewController.m */; };
		5DC04B9E15D2F8F500972113 /* MBDetailViewController.m in Sources */ = {isa = PBXBuildFile; fileRef = 5DC04B9D15D2F8F500972113 /* MBDetailViewController.m */; };
		5DC04BFB15D2FAEA00972113 /* UIKit.framework in Frameworks */ = {isa = PBXBuildFile; fileRef = 5DC04BF415D2FAEA00972113 /* UIKit.framework */; };
		5DC04BFC15D2FAEA00972113 /* Foundation.framework in Frameworks */ = {isa = PBXBuildFile; fileRef = 5DC04BF515D2FAEA00972113 /* Foundation.framework */; };
		5DC04BFD15D2FAEA00972113 /* CFNetwork.framework in Frameworks */ = {isa = PBXBuildFile; fileRef = 5DC04BF615D2FAEA00972113 /* CFNetwork.framework */; };
		5DC04BFE15D2FAEA00972113 /* SystemConfiguration.framework in Frameworks */ = {isa = PBXBuildFile; fileRef = 5DC04BF715D2FAEA00972113 /* SystemConfiguration.framework */; };
		5DC04BFF15D2FAEA00972113 /* Security.framework in Frameworks */ = {isa = PBXBuildFile; fileRef = 5DC04BF815D2FAEA00972113 /* Security.framework */; };
		5DC04C0015D2FAEA00972113 /* MobileCoreServices.framework in Frameworks */ = {isa = PBXBuildFile; fileRef = 5DC04BF915D2FAEA00972113 /* MobileCoreServices.framework */; };
		5DC04C0115D2FAEA00972113 /* libxml2.dylib in Frameworks */ = {isa = PBXBuildFile; fileRef = 5DC04BFA15D2FAEA00972113 /* libxml2.dylib */; };
		5DC04C0315D2FB1700972113 /* AVFoundation.framework in Frameworks */ = {isa = PBXBuildFile; fileRef = 5DC04C0215D2FB1700972113 /* AVFoundation.framework */; settings = {ATTRIBUTES = (Weak, ); }; };
		5DC04C0415D2FB2900972113 /* libmusicbrainz-ios.a in Frameworks */ = {isa = PBXBuildFile; fileRef = 5DC04BB815D2F9D100972113 /* libmusicbrainz-ios.a */; };
		5DC04C0615D2FB5100972113 /* CoreMedia.framework in Frameworks */ = {isa = PBXBuildFile; fileRef = 5DC04C0515D2FB5100972113 /* CoreMedia.framework */; settings = {ATTRIBUTES = (Weak, ); }; };
		5DC04C0815D2FB6800972113 /* CoreVideo.framework in Frameworks */ = {isa = PBXBuildFile; fileRef = 5DC04C0715D2FB6800972113 /* CoreVideo.framework */; settings = {ATTRIBUTES = (Weak, ); }; };
		5DC04C0A15D2FB7D00972113 /* QuartzCore.framework in Frameworks */ = {isa = PBXBuildFile; fileRef = 5DC04C0915D2FB7D00972113 /* QuartzCore.framework */; };
		5DC04C0C15D2FB8A00972113 /* libiconv.dylib in Frameworks */ = {isa = PBXBuildFile; fileRef = 5DC04C0B15D2FB8A00972113 /* libiconv.dylib */; };
		5DC04C0D15D2FBAD00972113 /* libzbar.a in Frameworks */ = {isa = PBXBuildFile; fileRef = 5DC04BDD15D2FAB500972113 /* libzbar.a */; };
/* End PBXBuildFile section */

/* Begin PBXContainerItemProxy section */
		3201088596B4756681693702 /* PBXContainerItemProxy */ = {
			isa = PBXContainerItemProxy;
			containerPortal = 3201088596B4756681693700 /* Three20UICommon.xcodeproj */;
			proxyType = 1;
			remoteGlobalIDString = BEF31F390F352DF5000DE5D2;
			remoteInfo = Three20UICommon;
		};
		3201088596B4756681693706 /* PBXContainerItemProxy */ = {
			isa = PBXContainerItemProxy;
			containerPortal = 3201088596B4756681693700 /* Three20UICommon.xcodeproj */;
			proxyType = 2;
			remoteGlobalIDString = BEF31F3A0F352DF5000DE5D2;
			remoteInfo = Three20UICommon;
		};
		320A2827FEC940B25BC42C62 /* PBXContainerItemProxy */ = {
			isa = PBXContainerItemProxy;
			containerPortal = 320A2827FEC940B25BC42C60 /* Three20Core.xcodeproj */;
			proxyType = 1;
			remoteGlobalIDString = BEF31F390F352DF5000DE5D2;
			remoteInfo = Three20Core;
		};
		320A2827FEC940B25BC42C66 /* PBXContainerItemProxy */ = {
			isa = PBXContainerItemProxy;
			containerPortal = 320A2827FEC940B25BC42C60 /* Three20Core.xcodeproj */;
			proxyType = 2;
			remoteGlobalIDString = BEF31F3A0F352DF5000DE5D2;
			remoteInfo = Three20Core;
		};
		320A5A189C235877202780D2 /* PBXContainerItemProxy */ = {
			isa = PBXContainerItemProxy;
			containerPortal = 320A5A189C235877202780D0 /* Three20Network.xcodeproj */;
			proxyType = 1;
			remoteGlobalIDString = BEF31F390F352DF5000DE5D2;
			remoteInfo = Three20Network;
		};
		320A5A189C235877202780D6 /* PBXContainerItemProxy */ = {
			isa = PBXContainerItemProxy;
			containerPortal = 320A5A189C235877202780D0 /* Three20Network.xcodeproj */;
			proxyType = 2;
			remoteGlobalIDString = BEF31F3A0F352DF5000DE5D2;
			remoteInfo = Three20Network;
		};
		320A737074758E53BA54BE92 /* PBXContainerItemProxy */ = {
			isa = PBXContainerItemProxy;
			containerPortal = 320A737074758E53BA54BE90 /* Three20UINavigator.xcodeproj */;
			proxyType = 1;
			remoteGlobalIDString = BEF31F390F352DF5000DE5D2;
			remoteInfo = Three20UINavigator;
		};
		320A737074758E53BA54BE96 /* PBXContainerItemProxy */ = {
			isa = PBXContainerItemProxy;
			containerPortal = 320A737074758E53BA54BE90 /* Three20UINavigator.xcodeproj */;
			proxyType = 2;
			remoteGlobalIDString = BEF31F3A0F352DF5000DE5D2;
			remoteInfo = Three20UINavigator;
		};
		320CC833B8AF0ACFD35E6222 /* PBXContainerItemProxy */ = {
			isa = PBXContainerItemProxy;
			containerPortal = 320CC833B8AF0ACFD35E6220 /* Three20Style.xcodeproj */;
			proxyType = 1;
			remoteGlobalIDString = BEF31F390F352DF5000DE5D2;
			remoteInfo = Three20Style;
		};
		320CC833B8AF0ACFD35E6226 /* PBXContainerItemProxy */ = {
			isa = PBXContainerItemProxy;
			containerPortal = 320CC833B8AF0ACFD35E6220 /* Three20Style.xcodeproj */;
			proxyType = 2;
			remoteGlobalIDString = BEF31F3A0F352DF5000DE5D2;
			remoteInfo = Three20Style;
		};
		320D7DCCE32703ACAB9A45E2 /* PBXContainerItemProxy */ = {
			isa = PBXContainerItemProxy;
			containerPortal = 320D7DCCE32703ACAB9A45E0 /* Three20.xcodeproj */;
			proxyType = 1;
			remoteGlobalIDString = BEF31F390F352DF5000DE5D2;
			remoteInfo = Three20;
		};
		320D7DCCE32703ACAB9A45E6 /* PBXContainerItemProxy */ = {
			isa = PBXContainerItemProxy;
			containerPortal = 320D7DCCE32703ACAB9A45E0 /* Three20.xcodeproj */;
			proxyType = 2;
			remoteGlobalIDString = BEF31F3A0F352DF5000DE5D2;
			remoteInfo = Three20;
		};
		320F2C48872C2E2C4DF86202 /* PBXContainerItemProxy */ = {
			isa = PBXContainerItemProxy;
			containerPortal = 320F2C48872C2E2C4DF86200 /* Three20UI.xcodeproj */;
			proxyType = 1;
			remoteGlobalIDString = BEF31F390F352DF5000DE5D2;
			remoteInfo = Three20UI;
		};
		320F2C48872C2E2C4DF86206 /* PBXContainerItemProxy */ = {
			isa = PBXContainerItemProxy;
			containerPortal = 320F2C48872C2E2C4DF86200 /* Three20UI.xcodeproj */;
			proxyType = 2;
			remoteGlobalIDString = BEF31F3A0F352DF5000DE5D2;
			remoteInfo = Three20UI;
		};
		5D7FFEDE15D30A1100ABA2D7 /* PBXContainerItemProxy */ = {
			isa = PBXContainerItemProxy;
			containerPortal = 320D7DCCE32703ACAB9A45E0 /* Three20.xcodeproj */;
			proxyType = 2;
			remoteGlobalIDString = EB9E6C6210B6A8F800DE563C;
			remoteInfo = Three20UnitTests;
		};
		5D7FFEE115D30A1100ABA2D7 /* PBXContainerItemProxy */ = {
			isa = PBXContainerItemProxy;
			containerPortal = 320A2827FEC940B25BC42C60 /* Three20Core.xcodeproj */;
			proxyType = 2;
			remoteGlobalIDString = EB9E6C6210B6A8F800DE563C;
			remoteInfo = Three20CoreUnitTests;
		};
		5D7FFEE415D30A1100ABA2D7 /* PBXContainerItemProxy */ = {
			isa = PBXContainerItemProxy;
			containerPortal = 320A5A189C235877202780D0 /* Three20Network.xcodeproj */;
			proxyType = 2;
			remoteGlobalIDString = EB9E6C6210B6A8F800DE563C;
			remoteInfo = Three20NetworkUnitTests;
		};
		5D7FFEE715D30A1100ABA2D7 /* PBXContainerItemProxy */ = {
			isa = PBXContainerItemProxy;
			containerPortal = 320CC833B8AF0ACFD35E6220 /* Three20Style.xcodeproj */;
			proxyType = 2;
			remoteGlobalIDString = EB9E6C6210B6A8F800DE563C;
			remoteInfo = Three20StyleUnitTests;
		};
		5D7FFEEA15D30A1100ABA2D7 /* PBXContainerItemProxy */ = {
			isa = PBXContainerItemProxy;
			containerPortal = 320F2C48872C2E2C4DF86200 /* Three20UI.xcodeproj */;
			proxyType = 2;
			remoteGlobalIDString = EB9E6C6210B6A8F800DE563C;
			remoteInfo = Three20UIUnitTests;
		};
		5D7FFEED15D30A1100ABA2D7 /* PBXContainerItemProxy */ = {
			isa = PBXContainerItemProxy;
			containerPortal = 3201088596B4756681693700 /* Three20UICommon.xcodeproj */;
			proxyType = 2;
			remoteGlobalIDString = EB9E6C6210B6A8F800DE563C;
			remoteInfo = Three20UICommonUnitTests;
		};
		5D7FFEF015D30A1100ABA2D7 /* PBXContainerItemProxy */ = {
			isa = PBXContainerItemProxy;
			containerPortal = 320A737074758E53BA54BE90 /* Three20UINavigator.xcodeproj */;
			proxyType = 2;
			remoteGlobalIDString = EB9E6C6210B6A8F800DE563C;
			remoteInfo = Three20UINavigatorUnitTests;
		};
		5DC04BB715D2F9D100972113 /* PBXContainerItemProxy */ = {
			isa = PBXContainerItemProxy;
			containerPortal = 5DC04BAA15D2F9D000972113 /* libmusicbrainz-objc.xcodeproj */;
			proxyType = 2;
			remoteGlobalIDString = 5D61B7CB155F3F9A0003006A;
			remoteInfo = "libmusicbrainz-iphoneos";
		};
		5DC04BB915D2F9D100972113 /* PBXContainerItemProxy */ = {
			isa = PBXContainerItemProxy;
			containerPortal = 5DC04BAA15D2F9D000972113 /* libmusicbrainz-objc.xcodeproj */;
			proxyType = 2;
			remoteGlobalIDString = 5D5D03BA158103DD00E8A525;
			remoteInfo = "libmusicbrainz-macos";
		};
		5DC04BBB15D2F9D100972113 /* PBXContainerItemProxy */ = {
			isa = PBXContainerItemProxy;
			containerPortal = 5DC04BAA15D2F9D000972113 /* libmusicbrainz-objc.xcodeproj */;
			proxyType = 2;
			remoteGlobalIDString = 5D82781015AD22C200B4A8EB;
			remoteInfo = "libmusicbrainz-objc-iphoneos-test";
		};
		5DC04BDC15D2FAB500972113 /* PBXContainerItemProxy */ = {
			isa = PBXContainerItemProxy;
			containerPortal = 5DC04BD115D2FAB400972113 /* zbar.xcodeproj */;
			proxyType = 2;
			remoteGlobalIDString = D2AAC07E0554694100DB518D;
			remoteInfo = libzbar;
		};
		5DC04BDE15D2FAB500972113 /* PBXContainerItemProxy */ = {
			isa = PBXContainerItemProxy;
			containerPortal = 5DC04BD115D2FAB400972113 /* zbar.xcodeproj */;
			proxyType = 2;
			remoteGlobalIDString = DC3CEF9D121633C500D7A786;
			remoteInfo = readertest;
		};
		5DC04BF015D2FAC300972113 /* PBXContainerItemProxy */ = {
			isa = PBXContainerItemProxy;
			containerPortal = 5DC04BAA15D2F9D000972113 /* libmusicbrainz-objc.xcodeproj */;
			proxyType = 1;
			remoteGlobalIDString = 5D61B7CA155F3F9A0003006A;
			remoteInfo = "libmusicbrainz-iphoneos";
		};
		5DC04BF215D2FAC800972113 /* PBXContainerItemProxy */ = {
			isa = PBXContainerItemProxy;
			containerPortal = 5DC04BD115D2FAB400972113 /* zbar.xcodeproj */;
			proxyType = 1;
			remoteGlobalIDString = DC3CEE821215C7EF00D7A786;
			remoteInfo = ZBarSDK;
		};
/* End PBXContainerItemProxy section */

/* Begin PBXFileReference section */
		3201088596B4756681693700 /* Three20UICommon.xcodeproj */ = {isa = PBXFileReference; lastKnownFileType = "wrapper.pb-project"; name = Three20UICommon.xcodeproj; path = submodules/three20/src/Three20UICommon/Three20UICommon.xcodeproj; sourceTree = SOURCE_ROOT; };
		320A2827FEC940B25BC42C60 /* Three20Core.xcodeproj */ = {isa = PBXFileReference; lastKnownFileType = "wrapper.pb-project"; name = Three20Core.xcodeproj; path = submodules/three20/src/Three20Core/Three20Core.xcodeproj; sourceTree = SOURCE_ROOT; };
		320A5A189C235877202780D0 /* Three20Network.xcodeproj */ = {isa = PBXFileReference; lastKnownFileType = "wrapper.pb-project"; name = Three20Network.xcodeproj; path = submodules/three20/src/Three20Network/Three20Network.xcodeproj; sourceTree = SOURCE_ROOT; };
		320A737074758E53BA54BE90 /* Three20UINavigator.xcodeproj */ = {isa = PBXFileReference; lastKnownFileType = "wrapper.pb-project"; name = Three20UINavigator.xcodeproj; path = submodules/three20/src/Three20UINavigator/Three20UINavigator.xcodeproj; sourceTree = SOURCE_ROOT; };
		320AF8492C47A4D819F7C450 /* QuartzCore.framework */ = {isa = PBXFileReference; lastKnownFileType = wrapper.frameworks; name = QuartzCore.framework; path = System/Library/Frameworks/QuartzCore.framework; sourceTree = SDKROOT; };
		320B6C86F11D9990244A9730 /* Three20.bundle */ = {isa = PBXFileReference; lastKnownFileType = "wrapper.plug-in"; name = Three20.bundle; path = submodules/three20/src/Three20.bundle; sourceTree = SOURCE_ROOT; };
		320CC833B8AF0ACFD35E6220 /* Three20Style.xcodeproj */ = {isa = PBXFileReference; lastKnownFileType = "wrapper.pb-project"; name = Three20Style.xcodeproj; path = submodules/three20/src/Three20Style/Three20Style.xcodeproj; sourceTree = SOURCE_ROOT; };
		320D7DCCE32703ACAB9A45E0 /* Three20.xcodeproj */ = {isa = PBXFileReference; lastKnownFileType = "wrapper.pb-project"; name = Three20.xcodeproj; path = submodules/three20/src/Three20/Three20.xcodeproj; sourceTree = SOURCE_ROOT; };
		320F2C48872C2E2C4DF86200 /* Three20UI.xcodeproj */ = {isa = PBXFileReference; lastKnownFileType = "wrapper.pb-project"; name = Three20UI.xcodeproj; path = submodules/three20/src/Three20UI/Three20UI.xcodeproj; sourceTree = SOURCE_ROOT; };
		5DC04B7D15D2F8F500972113 /* Musicbrainz-ios.app */ = {isa = PBXFileReference; explicitFileType = wrapper.application; includeInIndex = 0; path = "Musicbrainz-ios.app"; sourceTree = BUILT_PRODUCTS_DIR; };
		5DC04B8115D2F8F500972113 /* UIKit.framework */ = {isa = PBXFileReference; lastKnownFileType = wrapper.framework; name = UIKit.framework; path = System/Library/Frameworks/UIKit.framework; sourceTree = SDKROOT; };
		5DC04B8315D2F8F500972113 /* Foundation.framework */ = {isa = PBXFileReference; lastKnownFileType = wrapper.framework; name = Foundation.framework; path = System/Library/Frameworks/Foundation.framework; sourceTree = SDKROOT; };
		5DC04B8515D2F8F500972113 /* CoreGraphics.framework */ = {isa = PBXFileReference; lastKnownFileType = wrapper.framework; name = CoreGraphics.framework; path = System/Library/Frameworks/CoreGraphics.framework; sourceTree = SDKROOT; };
		5DC04B8915D2F8F500972113 /* Musicbrainz-ios-Info.plist */ = {isa = PBXFileReference; lastKnownFileType = text.plist.xml; path = "Musicbrainz-ios-Info.plist"; sourceTree = "<group>"; };
		5DC04B8B15D2F8F500972113 /* en */ = {isa = PBXFileReference; lastKnownFileType = text.plist.strings; name = en; path = en.lproj/InfoPlist.strings; sourceTree = "<group>"; };
		5DC04B8D15D2F8F500972113 /* main.m */ = {isa = PBXFileReference; lastKnownFileType = sourcecode.c.objc; path = main.m; sourceTree = "<group>"; };
		5DC04B8F15D2F8F500972113 /* Musicbrainz-ios-Prefix.pch */ = {isa = PBXFileReference; lastKnownFileType = sourcecode.c.h; path = "Musicbrainz-ios-Prefix.pch"; sourceTree = "<group>"; };
		5DC04B9015D2F8F500972113 /* MBAppDelegate.h */ = {isa = PBXFileReference; lastKnownFileType = sourcecode.c.h; path = MBAppDelegate.h; sourceTree = "<group>"; };
		5DC04B9115D2F8F500972113 /* MBAppDelegate.m */ = {isa = PBXFileReference; lastKnownFileType = sourcecode.c.objc; path = MBAppDelegate.m; sourceTree = "<group>"; };
		5DC04B9415D2F8F500972113 /* en */ = {isa = PBXFileReference; lastKnownFileType = file.storyboard; name = en; path = en.lproj/MainStoryboard_iPhone.storyboard; sourceTree = "<group>"; };
		5DC04B9715D2F8F500972113 /* en */ = {isa = PBXFileReference; lastKnownFileType = file.storyboard; name = en; path = en.lproj/MainStoryboard_iPad.storyboard; sourceTree = "<group>"; };
		5DC04B9915D2F8F500972113 /* MBMasterViewController.h */ = {isa = PBXFileReference; lastKnownFileType = sourcecode.c.h; path = MBMasterViewController.h; sourceTree = "<group>"; };
		5DC04B9A15D2F8F500972113 /* MBMasterViewController.m */ = {isa = PBXFileReference; lastKnownFileType = sourcecode.c.objc; path = MBMasterViewController.m; sourceTree = "<group>"; };
		5DC04B9C15D2F8F500972113 /* MBDetailViewController.h */ = {isa = PBXFileReference; lastKnownFileType = sourcecode.c.h; path = MBDetailViewController.h; sourceTree = "<group>"; };
		5DC04B9D15D2F8F500972113 /* MBDetailViewController.m */ = {isa = PBXFileReference; lastKnownFileType = sourcecode.c.objc; path = MBDetailViewController.m; sourceTree = "<group>"; };
		5DC04BAA15D2F9D000972113 /* libmusicbrainz-objc.xcodeproj */ = {isa = PBXFileReference; lastKnownFileType = "wrapper.pb-project"; name = "libmusicbrainz-objc.xcodeproj"; path = "submodules/libmusicbrainz-objc/libmusicbrainz-objc.xcodeproj"; sourceTree = "<group>"; };
		5DC04BD115D2FAB400972113 /* zbar.xcodeproj */ = {isa = PBXFileReference; lastKnownFileType = "wrapper.pb-project"; name = zbar.xcodeproj; path = submodules/zbarsdk/iphone/zbar.xcodeproj; sourceTree = "<group>"; };
		5DC04BF415D2FAEA00972113 /* UIKit.framework */ = {isa = PBXFileReference; lastKnownFileType = wrapper.framework; name = UIKit.framework; path = Platforms/iPhoneOS.platform/Developer/SDKs/iPhoneOS5.1.sdk/System/Library/Frameworks/UIKit.framework; sourceTree = DEVELOPER_DIR; };
		5DC04BF515D2FAEA00972113 /* Foundation.framework */ = {isa = PBXFileReference; lastKnownFileType = wrapper.framework; name = Foundation.framework; path = Platforms/iPhoneOS.platform/Developer/SDKs/iPhoneOS5.1.sdk/System/Library/Frameworks/Foundation.framework; sourceTree = DEVELOPER_DIR; };
		5DC04BF615D2FAEA00972113 /* CFNetwork.framework */ = {isa = PBXFileReference; lastKnownFileType = wrapper.framework; name = CFNetwork.framework; path = Platforms/iPhoneOS.platform/Developer/SDKs/iPhoneOS5.1.sdk/System/Library/Frameworks/CFNetwork.framework; sourceTree = DEVELOPER_DIR; };
		5DC04BF715D2FAEA00972113 /* SystemConfiguration.framework */ = {isa = PBXFileReference; lastKnownFileType = wrapper.framework; name = SystemConfiguration.framework; path = Platforms/iPhoneOS.platform/Developer/SDKs/iPhoneOS5.1.sdk/System/Library/Frameworks/SystemConfiguration.framework; sourceTree = DEVELOPER_DIR; };
		5DC04BF815D2FAEA00972113 /* Security.framework */ = {isa = PBXFileReference; lastKnownFileType = wrapper.framework; name = Security.framework; path = Platforms/iPhoneOS.platform/Developer/SDKs/iPhoneOS5.1.sdk/System/Library/Frameworks/Security.framework; sourceTree = DEVELOPER_DIR; };
		5DC04BF915D2FAEA00972113 /* MobileCoreServices.framework */ = {isa = PBXFileReference; lastKnownFileType = wrapper.framework; name = MobileCoreServices.framework; path = Platforms/iPhoneOS.platform/Developer/SDKs/iPhoneOS5.1.sdk/System/Library/Frameworks/MobileCoreServices.framework; sourceTree = DEVELOPER_DIR; };
		5DC04BFA15D2FAEA00972113 /* libxml2.dylib */ = {isa = PBXFileReference; lastKnownFileType = "compiled.mach-o.dylib"; name = libxml2.dylib; path = Platforms/iPhoneOS.platform/Developer/SDKs/iPhoneOS5.1.sdk/usr/lib/libxml2.dylib; sourceTree = DEVELOPER_DIR; };
		5DC04C0215D2FB1700972113 /* AVFoundation.framework */ = {isa = PBXFileReference; lastKnownFileType = wrapper.framework; name = AVFoundation.framework; path = System/Library/Frameworks/AVFoundation.framework; sourceTree = SDKROOT; };
		5DC04C0515D2FB5100972113 /* CoreMedia.framework */ = {isa = PBXFileReference; lastKnownFileType = wrapper.framework; name = CoreMedia.framework; path = System/Library/Frameworks/CoreMedia.framework; sourceTree = SDKROOT; };
		5DC04C0715D2FB6800972113 /* CoreVideo.framework */ = {isa = PBXFileReference; lastKnownFileType = wrapper.framework; name = CoreVideo.framework; path = System/Library/Frameworks/CoreVideo.framework; sourceTree = SDKROOT; };
		5DC04C0915D2FB7D00972113 /* QuartzCore.framework */ = {isa = PBXFileReference; lastKnownFileType = wrapper.framework; name = QuartzCore.framework; path = System/Library/Frameworks/QuartzCore.framework; sourceTree = SDKROOT; };
		5DC04C0B15D2FB8A00972113 /* libiconv.dylib */ = {isa = PBXFileReference; lastKnownFileType = "compiled.mach-o.dylib"; name = libiconv.dylib; path = usr/lib/libiconv.dylib; sourceTree = SDKROOT; };
		5DC04C0F15D3047C00972113 /* OldCode */ = {isa = PBXFileReference; lastKnownFileType = folder; path = OldCode; sourceTree = "<group>"; };
/* End PBXFileReference section */

/* Begin PBXFrameworksBuildPhase section */
		5DC04B7A15D2F8F500972113 /* Frameworks */ = {
			isa = PBXFrameworksBuildPhase;
			buildActionMask = 2147483647;
			files = (
				3201088596B4756681693705 /* libThree20UICommon.a in Frameworks */,
				320D7DCCE32703ACAB9A45E5 /* libThree20.a in Frameworks */,
				320A737074758E53BA54BE95 /* libThree20UINavigator.a in Frameworks */,
				320A2827FEC940B25BC42C65 /* libThree20Core.a in Frameworks */,
				320F2C48872C2E2C4DF86205 /* libThree20UI.a in Frameworks */,
				320AF8492C47A4D819F7C451 /* QuartzCore.framework in Frameworks */,
				320A5A189C235877202780D5 /* libThree20Network.a in Frameworks */,
				320CC833B8AF0ACFD35E6225 /* libThree20Style.a in Frameworks */,
				5DC04C0D15D2FBAD00972113 /* libzbar.a in Frameworks */,
				5DC04C0C15D2FB8A00972113 /* libiconv.dylib in Frameworks */,
				5DC04C0A15D2FB7D00972113 /* QuartzCore.framework in Frameworks */,
				5DC04C0815D2FB6800972113 /* CoreVideo.framework in Frameworks */,
				5DC04C0615D2FB5100972113 /* CoreMedia.framework in Frameworks */,
				5DC04C0315D2FB1700972113 /* AVFoundation.framework in Frameworks */,
				5DC04B8215D2F8F500972113 /* UIKit.framework in Frameworks */,
				5DC04B8415D2F8F500972113 /* Foundation.framework in Frameworks */,
				5DC04B8615D2F8F500972113 /* CoreGraphics.framework in Frameworks */,
				5DC04BFB15D2FAEA00972113 /* UIKit.framework in Frameworks */,
				5DC04BFC15D2FAEA00972113 /* Foundation.framework in Frameworks */,
				5DC04BFD15D2FAEA00972113 /* CFNetwork.framework in Frameworks */,
				5DC04C0415D2FB2900972113 /* libmusicbrainz-ios.a in Frameworks */,
				5DC04C0015D2FAEA00972113 /* MobileCoreServices.framework in Frameworks */,
				5DC04C0115D2FAEA00972113 /* libxml2.dylib in Frameworks */,
				5DC04BFE15D2FAEA00972113 /* SystemConfiguration.framework in Frameworks */,
				5DC04BFF15D2FAEA00972113 /* Security.framework in Frameworks */,
			);
			runOnlyForDeploymentPostprocessing = 0;
		};
/* End PBXFrameworksBuildPhase section */

/* Begin PBXGroup section */
		3201088596B4756681693703 /* Products */ = {
			isa = PBXGroup;
			children = (
				3201088596B4756681693704 /* libThree20UICommon.a */,
				5D7FFEEE15D30A1100ABA2D7 /* UICommonUnitTests.octest */,
			);
			name = Products;
			sourceTree = "<group>";
		};
		320A2827FEC940B25BC42C63 /* Products */ = {
			isa = PBXGroup;
			children = (
				320A2827FEC940B25BC42C64 /* libThree20Core.a */,
				5D7FFEE215D30A1100ABA2D7 /* CoreUnitTests.octest */,
			);
			name = Products;
			sourceTree = "<group>";
		};
		320A5A189C235877202780D3 /* Products */ = {
			isa = PBXGroup;
			children = (
				320A5A189C235877202780D4 /* libThree20Network.a */,
				5D7FFEE515D30A1100ABA2D7 /* NetworkUnitTests.octest */,
			);
			name = Products;
			sourceTree = "<group>";
		};
		320A737074758E53BA54BE93 /* Products */ = {
			isa = PBXGroup;
			children = (
				320A737074758E53BA54BE94 /* libThree20UINavigator.a */,
				5D7FFEF115D30A1100ABA2D7 /* UINavigatorUnitTests.octest */,
			);
			name = Products;
			sourceTree = "<group>";
		};
		320CC833B8AF0ACFD35E6223 /* Products */ = {
			isa = PBXGroup;
			children = (
				320CC833B8AF0ACFD35E6224 /* libThree20Style.a */,
				5D7FFEE815D30A1100ABA2D7 /* StyleUnitTests.octest */,
			);
			name = Products;
			sourceTree = "<group>";
		};
		320D7DCCE32703ACAB9A45E3 /* Products */ = {
			isa = PBXGroup;
			children = (
				320D7DCCE32703ACAB9A45E4 /* libThree20.a */,
				5D7FFEDF15D30A1100ABA2D7 /* Three20UnitTests.octest */,
			);
			name = Products;
			sourceTree = "<group>";
		};
		320F2C48872C2E2C4DF86203 /* Products */ = {
			isa = PBXGroup;
			children = (
				320F2C48872C2E2C4DF86204 /* libThree20UI.a */,
				5D7FFEEB15D30A1100ABA2D7 /* UIUnitTests.octest */,
			);
			name = Products;
			sourceTree = "<group>";
		};
		5DC04B7215D2F8F500972113 = {
			isa = PBXGroup;
			children = (
				5DC04B8715D2F8F500972113 /* Classes */,
				5DC04B8015D2F8F500972113 /* Frameworks */,
				5DC04B7E15D2F8F500972113 /* Products */,
				5DC04BA915D2F9B100972113 /* Submodules */,
				5DC04C0F15D3047C00972113 /* OldCode */,
			);
			sourceTree = "<group>";
		};
		5DC04B7E15D2F8F500972113 /* Products */ = {
			isa = PBXGroup;
			children = (
				5DC04B7D15D2F8F500972113 /* Musicbrainz-ios.app */,
			);
			name = Products;
			sourceTree = "<group>";
		};
		5DC04B8015D2F8F500972113 /* Frameworks */ = {
			isa = PBXGroup;
			children = (
				3201088596B4756681693700 /* Three20UICommon.xcodeproj */,
				320D7DCCE32703ACAB9A45E0 /* Three20.xcodeproj */,
				320A737074758E53BA54BE90 /* Three20UINavigator.xcodeproj */,
				320A2827FEC940B25BC42C60 /* Three20Core.xcodeproj */,
				320F2C48872C2E2C4DF86200 /* Three20UI.xcodeproj */,
				320AF8492C47A4D819F7C450 /* QuartzCore.framework */,
				320A5A189C235877202780D0 /* Three20Network.xcodeproj */,
				320CC833B8AF0ACFD35E6220 /* Three20Style.xcodeproj */,
				5DC04BFA15D2FAEA00972113 /* libxml2.dylib */,
				5DC04C0B15D2FB8A00972113 /* libiconv.dylib */,
				5DC04C0915D2FB7D00972113 /* QuartzCore.framework */,
				5DC04C0715D2FB6800972113 /* CoreVideo.framework */,
				5DC04C0515D2FB5100972113 /* CoreMedia.framework */,
				5DC04C0215D2FB1700972113 /* AVFoundation.framework */,
				5DC04BF415D2FAEA00972113 /* UIKit.framework */,
				5DC04BF515D2FAEA00972113 /* Foundation.framework */,
				5DC04BF615D2FAEA00972113 /* CFNetwork.framework */,
				5DC04BF715D2FAEA00972113 /* SystemConfiguration.framework */,
				5DC04BF815D2FAEA00972113 /* Security.framework */,
				5DC04BF915D2FAEA00972113 /* MobileCoreServices.framework */,
				5DC04B8115D2F8F500972113 /* UIKit.framework */,
				5DC04B8315D2F8F500972113 /* Foundation.framework */,
				5DC04B8515D2F8F500972113 /* CoreGraphics.framework */,
			);
			name = Frameworks;
			sourceTree = "<group>";
		};
		5DC04B8715D2F8F500972113 /* Classes */ = {
			isa = PBXGroup;
			children = (
				5DC04B9015D2F8F500972113 /* MBAppDelegate.h */,
				5DC04B9115D2F8F500972113 /* MBAppDelegate.m */,
				5DC04B9315D2F8F500972113 /* MainStoryboard_iPhone.storyboard */,
				5DC04B9615D2F8F500972113 /* MainStoryboard_iPad.storyboard */,
				5DC04B9915D2F8F500972113 /* MBMasterViewController.h */,
				5DC04B9A15D2F8F500972113 /* MBMasterViewController.m */,
				5DC04B9C15D2F8F500972113 /* MBDetailViewController.h */,
				5DC04B9D15D2F8F500972113 /* MBDetailViewController.m */,
				5DC04B8815D2F8F500972113 /* Supporting Files */,
			);
			name = Classes;
			path = "Musicbrainz-ios";
			sourceTree = "<group>";
		};
		5DC04B8815D2F8F500972113 /* Supporting Files */ = {
			isa = PBXGroup;
			children = (
				320B6C86F11D9990244A9730 /* Three20.bundle */,
				5DC04B8915D2F8F500972113 /* Musicbrainz-ios-Info.plist */,
				5DC04B8A15D2F8F500972113 /* InfoPlist.strings */,
				5DC04B8D15D2F8F500972113 /* main.m */,
				5DC04B8F15D2F8F500972113 /* Musicbrainz-ios-Prefix.pch */,
			);
			name = "Supporting Files";
			sourceTree = "<group>";
		};
		5DC04BA915D2F9B100972113 /* Submodules */ = {
			isa = PBXGroup;
			children = (
				5DC04BAA15D2F9D000972113 /* libmusicbrainz-objc.xcodeproj */,
				5DC04BD115D2FAB400972113 /* zbar.xcodeproj */,
			);
			name = Submodules;
			sourceTree = "<group>";
		};
		5DC04BAB15D2F9D000972113 /* Products */ = {
			isa = PBXGroup;
			children = (
				5DC04BB815D2F9D100972113 /* libmusicbrainz-ios.a */,
				5DC04BBA15D2F9D100972113 /* libmusicbrainz-macos.framework */,
				5DC04BBC15D2F9D100972113 /* libmusicbrainz-objc-iphoneos-test.app */,
			);
			name = Products;
			sourceTree = "<group>";
		};
		5DC04BD215D2FAB400972113 /* Products */ = {
			isa = PBXGroup;
			children = (
				5DC04BDD15D2FAB500972113 /* libzbar.a */,
				5DC04BDF15D2FAB500972113 /* readertest.app */,
			);
			name = Products;
			sourceTree = "<group>";
		};
/* End PBXGroup section */

/* Begin PBXNativeTarget section */
		5DC04B7C15D2F8F500972113 /* Musicbrainz-ios */ = {
			isa = PBXNativeTarget;
			buildConfigurationList = 5DC04BA115D2F8F500972113 /* Build configuration list for PBXNativeTarget "Musicbrainz-ios" */;
			buildPhases = (
				5DC04B7915D2F8F500972113 /* Sources */,
				5DC04B7A15D2F8F500972113 /* Frameworks */,
				5DC04B7B15D2F8F500972113 /* Resources */,
			);
			buildRules = (
			);
			dependencies = (
				3201088596B4756681693701 /* PBXTargetDependency */,
				320D7DCCE32703ACAB9A45E1 /* PBXTargetDependency */,
				320A737074758E53BA54BE91 /* PBXTargetDependency */,
				320A2827FEC940B25BC42C61 /* PBXTargetDependency */,
				320F2C48872C2E2C4DF86201 /* PBXTargetDependency */,
				320A5A189C235877202780D1 /* PBXTargetDependency */,
				320CC833B8AF0ACFD35E6221 /* PBXTargetDependency */,
				5DC04BF115D2FAC300972113 /* PBXTargetDependency */,
				5DC04BF315D2FAC800972113 /* PBXTargetDependency */,
			);
			name = "Musicbrainz-ios";
			productName = "Musicbrainz-ios";
			productReference = 5DC04B7D15D2F8F500972113 /* Musicbrainz-ios.app */;
			productType = "com.apple.product-type.application";
		};
/* End PBXNativeTarget section */

/* Begin PBXProject section */
		5DC04B7415D2F8F500972113 /* Project object */ = {
			isa = PBXProject;
			attributes = {
				CLASSPREFIX = MB;
				LastUpgradeCheck = 0440;
				ORGANIZATIONNAME = "Joachim LeBlanc";
			};
			buildConfigurationList = 5DC04B7715D2F8F500972113 /* Build configuration list for PBXProject "Musicbrainz-ios" */;
			compatibilityVersion = "Xcode 3.2";
			developmentRegion = English;
			hasScannedForEncodings = 0;
			knownRegions = (
				en,
			);
			mainGroup = 5DC04B7215D2F8F500972113;
			productRefGroup = 5DC04B7E15D2F8F500972113 /* Products */;
			projectDirPath = "";
			projectReferences = (
				{
					ProductGroup = 5DC04BAB15D2F9D000972113 /* Products */;
					ProjectRef = 5DC04BAA15D2F9D000972113 /* libmusicbrainz-objc.xcodeproj */;
				},
				{
					ProductGroup = 320D7DCCE32703ACAB9A45E3 /* Products */;
					ProjectRef = 320D7DCCE32703ACAB9A45E0 /* Three20.xcodeproj */;
				},
				{
					ProductGroup = 320A2827FEC940B25BC42C63 /* Products */;
					ProjectRef = 320A2827FEC940B25BC42C60 /* Three20Core.xcodeproj */;
				},
				{
					ProductGroup = 320A5A189C235877202780D3 /* Products */;
					ProjectRef = 320A5A189C235877202780D0 /* Three20Network.xcodeproj */;
				},
				{
					ProductGroup = 320CC833B8AF0ACFD35E6223 /* Products */;
					ProjectRef = 320CC833B8AF0ACFD35E6220 /* Three20Style.xcodeproj */;
				},
				{
					ProductGroup = 320F2C48872C2E2C4DF86203 /* Products */;
					ProjectRef = 320F2C48872C2E2C4DF86200 /* Three20UI.xcodeproj */;
				},
				{
					ProductGroup = 3201088596B4756681693703 /* Products */;
					ProjectRef = 3201088596B4756681693700 /* Three20UICommon.xcodeproj */;
				},
				{
					ProductGroup = 320A737074758E53BA54BE93 /* Products */;
					ProjectRef = 320A737074758E53BA54BE90 /* Three20UINavigator.xcodeproj */;
				},
				{
					ProductGroup = 5DC04BD215D2FAB400972113 /* Products */;
					ProjectRef = 5DC04BD115D2FAB400972113 /* zbar.xcodeproj */;
				},
			);
			projectRoot = "";
			targets = (
				5DC04B7C15D2F8F500972113 /* Musicbrainz-ios */,
			);
		};
/* End PBXProject section */

/* Begin PBXReferenceProxy section */
		3201088596B4756681693704 /* libThree20UICommon.a */ = {
			isa = PBXReferenceProxy;
			fileType = archive.ar;
			path = libThree20UICommon.a;
			remoteRef = 3201088596B4756681693706 /* PBXContainerItemProxy */;
			sourceTree = BUILT_PRODUCTS_DIR;
		};
		320A2827FEC940B25BC42C64 /* libThree20Core.a */ = {
			isa = PBXReferenceProxy;
			fileType = archive.ar;
			path = libThree20Core.a;
			remoteRef = 320A2827FEC940B25BC42C66 /* PBXContainerItemProxy */;
			sourceTree = BUILT_PRODUCTS_DIR;
		};
		320A5A189C235877202780D4 /* libThree20Network.a */ = {
			isa = PBXReferenceProxy;
			fileType = archive.ar;
			path = libThree20Network.a;
			remoteRef = 320A5A189C235877202780D6 /* PBXContainerItemProxy */;
			sourceTree = BUILT_PRODUCTS_DIR;
		};
		320A737074758E53BA54BE94 /* libThree20UINavigator.a */ = {
			isa = PBXReferenceProxy;
			fileType = archive.ar;
			path = libThree20UINavigator.a;
			remoteRef = 320A737074758E53BA54BE96 /* PBXContainerItemProxy */;
			sourceTree = BUILT_PRODUCTS_DIR;
		};
		320CC833B8AF0ACFD35E6224 /* libThree20Style.a */ = {
			isa = PBXReferenceProxy;
			fileType = archive.ar;
			path = libThree20Style.a;
			remoteRef = 320CC833B8AF0ACFD35E6226 /* PBXContainerItemProxy */;
			sourceTree = BUILT_PRODUCTS_DIR;
		};
		320D7DCCE32703ACAB9A45E4 /* libThree20.a */ = {
			isa = PBXReferenceProxy;
			fileType = archive.ar;
			path = libThree20.a;
			remoteRef = 320D7DCCE32703ACAB9A45E6 /* PBXContainerItemProxy */;
			sourceTree = BUILT_PRODUCTS_DIR;
		};
		320F2C48872C2E2C4DF86204 /* libThree20UI.a */ = {
			isa = PBXReferenceProxy;
			fileType = archive.ar;
			path = libThree20UI.a;
			remoteRef = 320F2C48872C2E2C4DF86206 /* PBXContainerItemProxy */;
			sourceTree = BUILT_PRODUCTS_DIR;
		};
		5D7FFEDF15D30A1100ABA2D7 /* Three20UnitTests.octest */ = {
			isa = PBXReferenceProxy;
			fileType = wrapper.cfbundle;
			path = Three20UnitTests.octest;
			remoteRef = 5D7FFEDE15D30A1100ABA2D7 /* PBXContainerItemProxy */;
			sourceTree = BUILT_PRODUCTS_DIR;
		};
		5D7FFEE215D30A1100ABA2D7 /* CoreUnitTests.octest */ = {
			isa = PBXReferenceProxy;
			fileType = wrapper.cfbundle;
			path = CoreUnitTests.octest;
			remoteRef = 5D7FFEE115D30A1100ABA2D7 /* PBXContainerItemProxy */;
			sourceTree = BUILT_PRODUCTS_DIR;
		};
		5D7FFEE515D30A1100ABA2D7 /* NetworkUnitTests.octest */ = {
			isa = PBXReferenceProxy;
			fileType = wrapper.cfbundle;
			path = NetworkUnitTests.octest;
			remoteRef = 5D7FFEE415D30A1100ABA2D7 /* PBXContainerItemProxy */;
			sourceTree = BUILT_PRODUCTS_DIR;
		};
		5D7FFEE815D30A1100ABA2D7 /* StyleUnitTests.octest */ = {
			isa = PBXReferenceProxy;
			fileType = wrapper.cfbundle;
			path = StyleUnitTests.octest;
			remoteRef = 5D7FFEE715D30A1100ABA2D7 /* PBXContainerItemProxy */;
			sourceTree = BUILT_PRODUCTS_DIR;
		};
		5D7FFEEB15D30A1100ABA2D7 /* UIUnitTests.octest */ = {
			isa = PBXReferenceProxy;
			fileType = wrapper.cfbundle;
			path = UIUnitTests.octest;
			remoteRef = 5D7FFEEA15D30A1100ABA2D7 /* PBXContainerItemProxy */;
			sourceTree = BUILT_PRODUCTS_DIR;
		};
		5D7FFEEE15D30A1100ABA2D7 /* UICommonUnitTests.octest */ = {
			isa = PBXReferenceProxy;
			fileType = wrapper.cfbundle;
			path = UICommonUnitTests.octest;
			remoteRef = 5D7FFEED15D30A1100ABA2D7 /* PBXContainerItemProxy */;
			sourceTree = BUILT_PRODUCTS_DIR;
		};
		5D7FFEF115D30A1100ABA2D7 /* UINavigatorUnitTests.octest */ = {
			isa = PBXReferenceProxy;
			fileType = wrapper.cfbundle;
			path = UINavigatorUnitTests.octest;
			remoteRef = 5D7FFEF015D30A1100ABA2D7 /* PBXContainerItemProxy */;
			sourceTree = BUILT_PRODUCTS_DIR;
		};
		5DC04BB815D2F9D100972113 /* libmusicbrainz-ios.a */ = {
			isa = PBXReferenceProxy;
			fileType = archive.ar;
			path = "libmusicbrainz-ios.a";
			remoteRef = 5DC04BB715D2F9D100972113 /* PBXContainerItemProxy */;
			sourceTree = BUILT_PRODUCTS_DIR;
		};
		5DC04BBA15D2F9D100972113 /* libmusicbrainz-macos.framework */ = {
			isa = PBXReferenceProxy;
			fileType = wrapper.framework;
			path = "libmusicbrainz-macos.framework";
			remoteRef = 5DC04BB915D2F9D100972113 /* PBXContainerItemProxy */;
			sourceTree = BUILT_PRODUCTS_DIR;
		};
		5DC04BBC15D2F9D100972113 /* libmusicbrainz-objc-iphoneos-test.app */ = {
			isa = PBXReferenceProxy;
			fileType = wrapper.application;
			path = "libmusicbrainz-objc-iphoneos-test.app";
			remoteRef = 5DC04BBB15D2F9D100972113 /* PBXContainerItemProxy */;
			sourceTree = BUILT_PRODUCTS_DIR;
		};
		5DC04BDD15D2FAB500972113 /* libzbar.a */ = {
			isa = PBXReferenceProxy;
			fileType = archive.ar;
			path = libzbar.a;
			remoteRef = 5DC04BDC15D2FAB500972113 /* PBXContainerItemProxy */;
			sourceTree = BUILT_PRODUCTS_DIR;
		};
		5DC04BDF15D2FAB500972113 /* readertest.app */ = {
			isa = PBXReferenceProxy;
			fileType = wrapper.application;
			path = readertest.app;
			remoteRef = 5DC04BDE15D2FAB500972113 /* PBXContainerItemProxy */;
			sourceTree = BUILT_PRODUCTS_DIR;
		};
/* End PBXReferenceProxy section */

/* Begin PBXResourcesBuildPhase section */
		5DC04B7B15D2F8F500972113 /* Resources */ = {
			isa = PBXResourcesBuildPhase;
			buildActionMask = 2147483647;
			files = (
				320B6C86F11D9990244A9731 /* Three20.bundle in Resources */,
				5DC04B8C15D2F8F500972113 /* InfoPlist.strings in Resources */,
				5DC04B9515D2F8F500972113 /* MainStoryboard_iPhone.storyboard in Resources */,
				5DC04B9815D2F8F500972113 /* MainStoryboard_iPad.storyboard in Resources */,
			);
			runOnlyForDeploymentPostprocessing = 0;
		};
/* End PBXResourcesBuildPhase section */

/* Begin PBXSourcesBuildPhase section */
		5DC04B7915D2F8F500972113 /* Sources */ = {
			isa = PBXSourcesBuildPhase;
			buildActionMask = 2147483647;
			files = (
				5DC04B8E15D2F8F500972113 /* main.m in Sources */,
				5DC04B9215D2F8F500972113 /* MBAppDelegate.m in Sources */,
				5DC04B9B15D2F8F500972113 /* MBMasterViewController.m in Sources */,
				5DC04B9E15D2F8F500972113 /* MBDetailViewController.m in Sources */,
			);
			runOnlyForDeploymentPostprocessing = 0;
		};
/* End PBXSourcesBuildPhase section */

/* Begin PBXTargetDependency section */
		3201088596B4756681693701 /* PBXTargetDependency */ = {
			isa = PBXTargetDependency;
			name = Three20UICommon;
			targetProxy = 3201088596B4756681693702 /* PBXContainerItemProxy */;
		};
		320A2827FEC940B25BC42C61 /* PBXTargetDependency */ = {
			isa = PBXTargetDependency;
			name = Three20Core;
			targetProxy = 320A2827FEC940B25BC42C62 /* PBXContainerItemProxy */;
		};
		320A5A189C235877202780D1 /* PBXTargetDependency */ = {
			isa = PBXTargetDependency;
			name = Three20Network;
			targetProxy = 320A5A189C235877202780D2 /* PBXContainerItemProxy */;
		};
		320A737074758E53BA54BE91 /* PBXTargetDependency */ = {
			isa = PBXTargetDependency;
			name = Three20UINavigator;
			targetProxy = 320A737074758E53BA54BE92 /* PBXContainerItemProxy */;
		};
		320CC833B8AF0ACFD35E6221 /* PBXTargetDependency */ = {
			isa = PBXTargetDependency;
			name = Three20Style;
			targetProxy = 320CC833B8AF0ACFD35E6222 /* PBXContainerItemProxy */;
		};
		320D7DCCE32703ACAB9A45E1 /* PBXTargetDependency */ = {
			isa = PBXTargetDependency;
			name = Three20;
			targetProxy = 320D7DCCE32703ACAB9A45E2 /* PBXContainerItemProxy */;
		};
		320F2C48872C2E2C4DF86201 /* PBXTargetDependency */ = {
			isa = PBXTargetDependency;
			name = Three20UI;
			targetProxy = 320F2C48872C2E2C4DF86202 /* PBXContainerItemProxy */;
		};
		5DC04BF115D2FAC300972113 /* PBXTargetDependency */ = {
			isa = PBXTargetDependency;
			name = "libmusicbrainz-iphoneos";
			targetProxy = 5DC04BF015D2FAC300972113 /* PBXContainerItemProxy */;
		};
		5DC04BF315D2FAC800972113 /* PBXTargetDependency */ = {
			isa = PBXTargetDependency;
			name = ZBarSDK;
			targetProxy = 5DC04BF215D2FAC800972113 /* PBXContainerItemProxy */;
		};
/* End PBXTargetDependency section */

/* Begin PBXVariantGroup section */
		5DC04B8A15D2F8F500972113 /* InfoPlist.strings */ = {
			isa = PBXVariantGroup;
			children = (
				5DC04B8B15D2F8F500972113 /* en */,
			);
			name = InfoPlist.strings;
			sourceTree = "<group>";
		};
		5DC04B9315D2F8F500972113 /* MainStoryboard_iPhone.storyboard */ = {
			isa = PBXVariantGroup;
			children = (
				5DC04B9415D2F8F500972113 /* en */,
			);
			name = MainStoryboard_iPhone.storyboard;
			sourceTree = "<group>";
		};
		5DC04B9615D2F8F500972113 /* MainStoryboard_iPad.storyboard */ = {
			isa = PBXVariantGroup;
			children = (
				5DC04B9715D2F8F500972113 /* en */,
			);
			name = MainStoryboard_iPad.storyboard;
			sourceTree = "<group>";
		};
/* End PBXVariantGroup section */

/* Begin XCBuildConfiguration section */
		5DC04B9F15D2F8F500972113 /* Debug */ = {
			isa = XCBuildConfiguration;
			buildSettings = {
				ALWAYS_SEARCH_USER_PATHS = NO;
				ARCHS = "$(ARCHS_STANDARD_32_BIT)";
				CLANG_CXX_LANGUAGE_STANDARD = "gnu++0x";
				CLANG_ENABLE_OBJC_ARC = YES;
				CLANG_WARN__DUPLICATE_METHOD_MATCH = YES;
				"CODE_SIGN_IDENTITY[sdk=iphoneos*]" = "iPhone Developer";
				COPY_PHASE_STRIP = NO;
				GCC_C_LANGUAGE_STANDARD = gnu99;
				GCC_DYNAMIC_NO_PIC = NO;
				GCC_OPTIMIZATION_LEVEL = 0;
				GCC_PREPROCESSOR_DEFINITIONS = (
					"DEBUG=1",
					"$(inherited)",
				);
				GCC_SYMBOLS_PRIVATE_EXTERN = NO;
				GCC_VERSION = com.apple.compilers.llvm.clang.1_0;
				GCC_WARN_ABOUT_RETURN_TYPE = YES;
				GCC_WARN_UNINITIALIZED_AUTOS = YES;
				GCC_WARN_UNUSED_VARIABLE = YES;
				HEADER_SEARCH_PATHS = (
					"$(BUILT_PRODUCTS_DIR)/../three20",
					"$(BUILT_PRODUCTS_DIR)/../../three20",
					submodules/three20/Build/Products/three20,
				);
				IPHONEOS_DEPLOYMENT_TARGET = 5.1;
				OTHER_LDFLAGS = "-ObjC";
				SDKROOT = iphoneos;
				TARGETED_DEVICE_FAMILY = "1,2";
			};
			name = Debug;
		};
		5DC04BA015D2F8F500972113 /* Release */ = {
			isa = XCBuildConfiguration;
			buildSettings = {
				ALWAYS_SEARCH_USER_PATHS = NO;
				ARCHS = "$(ARCHS_STANDARD_32_BIT)";
				CLANG_CXX_LANGUAGE_STANDARD = "gnu++0x";
				CLANG_ENABLE_OBJC_ARC = YES;
				CLANG_WARN__DUPLICATE_METHOD_MATCH = YES;
				"CODE_SIGN_IDENTITY[sdk=iphoneos*]" = "iPhone Developer";
				COPY_PHASE_STRIP = YES;
				GCC_C_LANGUAGE_STANDARD = gnu99;
				GCC_VERSION = com.apple.compilers.llvm.clang.1_0;
				GCC_WARN_ABOUT_RETURN_TYPE = YES;
				GCC_WARN_UNINITIALIZED_AUTOS = YES;
				GCC_WARN_UNUSED_VARIABLE = YES;
				HEADER_SEARCH_PATHS = (
					"$(BUILT_PRODUCTS_DIR)/../three20",
					"$(BUILT_PRODUCTS_DIR)/../../three20",
					submodules/three20/Build/Products/three20,
				);
				IPHONEOS_DEPLOYMENT_TARGET = 5.1;
				OTHER_CFLAGS = "-DNS_BLOCK_ASSERTIONS=1";
				OTHER_LDFLAGS = "-ObjC";
				SDKROOT = iphoneos;
				TARGETED_DEVICE_FAMILY = "1,2";
				VALIDATE_PRODUCT = YES;
			};
			name = Release;
		};
		5DC04BA215D2F8F500972113 /* Debug */ = {
			isa = XCBuildConfiguration;
			buildSettings = {
				GCC_PRECOMPILE_PREFIX_HEADER = YES;
				GCC_PREFIX_HEADER = "Musicbrainz-ios/Musicbrainz-ios-Prefix.pch";
				INFOPLIST_FILE = "Musicbrainz-ios/Musicbrainz-ios-Info.plist";
				PRODUCT_NAME = "$(TARGET_NAME)";
				WRAPPER_EXTENSION = app;
			};
			name = Debug;
		};
		5DC04BA315D2F8F500972113 /* Release */ = {
			isa = XCBuildConfiguration;
			buildSettings = {
				GCC_PRECOMPILE_PREFIX_HEADER = YES;
				GCC_PREFIX_HEADER = "Musicbrainz-ios/Musicbrainz-ios-Prefix.pch";
				INFOPLIST_FILE = "Musicbrainz-ios/Musicbrainz-ios-Info.plist";
				PRODUCT_NAME = "$(TARGET_NAME)";
				WRAPPER_EXTENSION = app;
			};
			name = Release;
		};
/* End XCBuildConfiguration section */

/* Begin XCConfigurationList section */
		5DC04B7715D2F8F500972113 /* Build configuration list for PBXProject "Musicbrainz-ios" */ = {
			isa = XCConfigurationList;
			buildConfigurations = (
				5DC04B9F15D2F8F500972113 /* Debug */,
				5DC04BA015D2F8F500972113 /* Release */,
			);
			defaultConfigurationIsVisible = 0;
			defaultConfigurationName = Release;
		};
		5DC04BA115D2F8F500972113 /* Build configuration list for PBXNativeTarget "Musicbrainz-ios" */ = {
			isa = XCConfigurationList;
			buildConfigurations = (
				5DC04BA215D2F8F500972113 /* Debug */,
				5DC04BA315D2F8F500972113 /* Release */,
			);
			defaultConfigurationIsVisible = 0;
			defaultConfigurationName = Release;
		};
/* End XCConfigurationList section */
	};
	rootObject = 5DC04B7415D2F8F500972113 /* Project object */;
}
